{
  "version": 4,
  "terraform_version": "1.1.9",
  "serial": 5265,
  "lineage": "e8173144-70fc-b69a-37eb-0ffdbe17212b",
  "outputs": {
    "Db_node_public_IPs": {
      "value": [
        "35.156.24.55",
        "54.93.43.56",
        "3.65.227.122"
      ],
      "type": [
        "tuple",
        [
          "string",
          "string",
          "string"
        ]
      ]
    },
    "HAPEE_nodes_public_IPs": {
      "value": [
        "18.196.38.73",
        "3.74.45.152"
      ],
      "type": [
        "tuple",
        [
          "string",
          "string"
        ]
      ]
    },
    "LB_HAPEE_DNS_address": {
      "value": "hapee-test-alb-1989902000.eu-central-1.elb.amazonaws.com",
      "type": "string"
    },
    "Web_node_public_IPs": {
      "value": [
        "3.70.96.199",
        "18.197.151.16"
      ],
      "type": [
        "tuple",
        [
          "string",
          "string"
        ]
      ]
    },
    "aws_availability_zones": {
      "value": [
        "eu-central-1a",
        "eu-central-1b",
        "eu-central-1c"
      ],
      "type": [
        "list",
        "string"
      ]
    },
    "data_aws_caller_identity": {
      "value": "639043009224",
      "type": "string"
    },
    "data_aws_regions_name": {
      "value": "eu-central-1",
      "type": "string"
    }
  },
  "resources": [
    {
      "mode": "data",
      "type": "aws_ami",
      "name": "fresh_amazon_linux",
      "provider": "provider[\"registry.terraform.io/hashicorp/aws\"]",
      "instances": [
        {
          "schema_version": 0,
          "attributes": {
            "architecture": "x86_64",
            "arn": "arn:aws:ec2:eu-central-1::image/ami-09439f09c55136ecf",
            "block_device_mappings": [
              {
                "device_name": "/dev/xvda",
                "ebs": {
                  "delete_on_termination": "true",
                  "encrypted": "false",
                  "iops": "0",
                  "snapshot_id": "snap-08686fdd791a3120a",
                  "throughput": "0",
                  "volume_size": "8",
                  "volume_type": "gp2"
                },
                "no_device": "",
                "virtual_name": ""
              }
            ],
            "boot_mode": "",
            "creation_date": "2022-04-28T21:51:17.000Z",
            "deprecation_time": "2024-04-28T21:51:17.000Z",
            "description": "Amazon Linux 2 Kernel 5.10 AMI 2.0.20220426.0 x86_64 HVM gp2",
            "ena_support": true,
            "executable_users": null,
            "filter": [
              {
                "name": "name",
                "values": [
                  "amzn2-ami-kernel-*-x86_64-gp2"
                ]
              }
            ],
            "hypervisor": "xen",
            "id": "ami-09439f09c55136ecf",
            "image_id": "ami-09439f09c55136ecf",
            "image_location": "amazon/amzn2-ami-kernel-5.10-hvm-2.0.20220426.0-x86_64-gp2",
            "image_owner_alias": "amazon",
            "image_type": "machine",
            "kernel_id": "",
            "most_recent": true,
            "name": "amzn2-ami-kernel-5.10-hvm-2.0.20220426.0-x86_64-gp2",
            "name_regex": null,
            "owner_id": "137112412989",
            "owners": [
              "amazon"
            ],
            "platform": "",
            "platform_details": "Linux/UNIX",
            "product_codes": [],
            "public": true,
            "ramdisk_id": "",
            "root_device_name": "/dev/xvda",
            "root_device_type": "ebs",
            "root_snapshot_id": "snap-08686fdd791a3120a",
            "sriov_net_support": "simple",
            "state": "available",
            "state_reason": {
              "code": "UNSET",
              "message": "UNSET"
            },
            "tags": {},
            "tpm_support": "",
            "usage_operation": "RunInstances",
            "virtualization_type": "hvm"
          },
          "sensitive_attributes": []
        }
      ]
    },
    {
      "mode": "data",
      "type": "aws_availability_zones",
      "name": "all",
      "provider": "provider[\"registry.terraform.io/hashicorp/aws\"]",
      "instances": [
        {
          "schema_version": 0,
          "attributes": {
            "all_availability_zones": null,
            "exclude_names": null,
            "exclude_zone_ids": null,
            "filter": null,
            "group_names": [
              "eu-central-1"
            ],
            "id": "eu-central-1",
            "names": [
              "eu-central-1a",
              "eu-central-1b",
              "eu-central-1c"
            ],
            "state": null,
            "zone_ids": [
              "euc1-az2",
              "euc1-az3",
              "euc1-az1"
            ]
          },
          "sensitive_attributes": []
        }
      ]
    },
    {
      "mode": "data",
      "type": "aws_availability_zones",
      "name": "available",
      "provider": "provider[\"registry.terraform.io/hashicorp/aws\"]",
      "instances": [
        {
          "schema_version": 0,
          "attributes": {
            "all_availability_zones": null,
            "exclude_names": null,
            "exclude_zone_ids": null,
            "filter": null,
            "group_names": [
              "eu-central-1"
            ],
            "id": "eu-central-1",
            "names": [
              "eu-central-1a",
              "eu-central-1b",
              "eu-central-1c"
            ],
            "state": null,
            "zone_ids": [
              "euc1-az2",
              "euc1-az3",
              "euc1-az1"
            ]
          },
          "sensitive_attributes": []
        }
      ]
    },
    {
      "mode": "data",
      "type": "aws_caller_identity",
      "name": "current",
      "provider": "provider[\"registry.terraform.io/hashicorp/aws\"]",
      "instances": [
        {
          "schema_version": 0,
          "attributes": {
            "account_id": "639043009224",
            "arn": "arn:aws:iam::639043009224:user/Suman",
            "id": "639043009224",
            "user_id": "AIDAZJSPOPLEPFK2NTQXW"
          },
          "sensitive_attributes": []
        }
      ]
    },
    {
      "mode": "data",
      "type": "aws_region",
      "name": "current",
      "provider": "provider[\"registry.terraform.io/hashicorp/aws\"]",
      "instances": [
        {
          "schema_version": 0,
          "attributes": {
            "description": "Europe (Frankfurt)",
            "endpoint": "ec2.eu-central-1.amazonaws.com",
            "id": "eu-central-1",
            "name": "eu-central-1"
          },
          "sensitive_attributes": []
        }
      ]
    },
    {
      "mode": "data",
      "type": "aws_vpc",
      "name": "foo",
      "provider": "provider[\"registry.terraform.io/hashicorp/aws\"]",
      "instances": [
        {
          "index_key": 0,
          "schema_version": 0,
          "attributes": {
            "arn": "arn:aws:ec2:eu-central-1:639043009224:vpc/vpc-026fa6b2a9153e65b",
            "cidr_block": "172.31.0.0/16",
            "cidr_block_associations": [
              {
                "association_id": "vpc-cidr-assoc-07b594856461ba3ee",
                "cidr_block": "172.31.0.0/16",
                "state": "associated"
              }
            ],
            "default": true,
            "dhcp_options_id": "dopt-096306b9156882a86",
            "enable_dns_hostnames": true,
            "enable_dns_support": true,
            "filter": null,
            "id": "vpc-026fa6b2a9153e65b",
            "instance_tenancy": "default",
            "ipv6_association_id": "",
            "ipv6_cidr_block": "",
            "main_route_table_id": "rtb-0f12407ebdbe3f0a6",
            "owner_id": "639043009224",
            "state": null,
            "tags": {}
          },
          "sensitive_attributes": []
        }
      ]
    },
    {
      "mode": "data",
      "type": "aws_vpcs",
      "name": "foo",
      "provider": "provider[\"registry.terraform.io/hashicorp/aws\"]",
      "instances": [
        {
          "schema_version": 0,
          "attributes": {
            "filter": null,
            "id": "eu-central-1",
            "ids": [
              "vpc-026fa6b2a9153e65b"
            ],
            "tags": null
          },
          "sensitive_attributes": []
        }
      ]
    },
    {
      "mode": "data",
      "type": "template_file",
      "name": "db-userdata",
      "provider": "provider[\"registry.terraform.io/hashicorp/template\"]",
      "instances": [
        {
          "schema_version": 0,
          "attributes": {
            "filename": null,
            "id": "a5cdc5adf703ddeb717c506fc0d65477073b14f8a145e63f4b46a6b617413ca0",
            "rendered": "#!/bin/bash\r\nsudo yum -y update\r\nsudo yum -y install httpd jq\r\nsudo yum install amazon-linux-extras -y\r\nsudo yum clean metadata\r\nsudo amazon-linux-extras enable php7.4\r\nsudo amazon-linux-extras install -y php7.4\r\nsudo wget https://wordpress.org/latest.tar.gz\r\nsudo tar xvzf latest.tar.gz -C /var/www/html\r\nsudo chown -R apache:apache /var/www/html\r\nsudo chkconfig httpd on\r\n#sudo systemctl enable httpd\r\nsudo systemctl restart httpd\r\nwget https://raw.githubusercontent.com/mcrucovschii/SmallEnvironment/Development/wp-config.php -O /var/www/html/wordpress/wp-config.php\r\nsudo chown apache:apache /var/www/html/wordpress/wp-config.php\r\ndbhost=10.103.0.104\r\n#sudo sed -i 's/34.220.158.42/10.103.0.104/' /var/www/html/wordpress/wp-config.php\r\nsudo sed -i 's/34.220.158.42/'$dbhost'/' /var/www/html/wordpress/wp-config.php\r\nwget https://raw.githubusercontent.com/mcrucovschii/SmallEnvironment/Development/htaccess-wordpress -O /var/www/html/wordpress/.htaccess\r\nchown apache:apache /var/www/html/wordpress/.htaccess\r\nmyip=`curl http://169.254.169.254/latest/meta-data/local-ipv4`\r\necho \"\u003ch2\u003eWebServer with ip: $myip \u003c/h2\u003e\u003cbr\u003eSmall Environment build by Terraform\" \u003e /var/www/html/index.html\r\n",
            "template": "#!/bin/bash\r\nsudo yum -y update\r\nsudo yum -y install httpd jq\r\nsudo yum install amazon-linux-extras -y\r\nsudo yum clean metadata\r\nsudo amazon-linux-extras enable php7.4\r\nsudo amazon-linux-extras install -y php7.4\r\nsudo wget https://wordpress.org/latest.tar.gz\r\nsudo tar xvzf latest.tar.gz -C /var/www/html\r\nsudo chown -R apache:apache /var/www/html\r\nsudo chkconfig httpd on\r\n#sudo systemctl enable httpd\r\nsudo systemctl restart httpd\r\nwget https://raw.githubusercontent.com/mcrucovschii/SmallEnvironment/Development/wp-config.php -O /var/www/html/wordpress/wp-config.php\r\nsudo chown apache:apache /var/www/html/wordpress/wp-config.php\r\ndbhost=${dbhost}\r\n#sudo sed -i 's/34.220.158.42/${dbhost}/' /var/www/html/wordpress/wp-config.php\r\nsudo sed -i 's/34.220.158.42/'$dbhost'/' /var/www/html/wordpress/wp-config.php\r\nwget https://raw.githubusercontent.com/mcrucovschii/SmallEnvironment/Development/htaccess-wordpress -O /var/www/html/wordpress/.htaccess\r\nchown apache:apache /var/www/html/wordpress/.htaccess\r\nmyip=`curl http://169.254.169.254/latest/meta-data/local-ipv4`\r\necho \"\u003ch2\u003eWebServer with ip: $myip \u003c/h2\u003e\u003cbr\u003eSmall Environment build by Terraform\" \u003e /var/www/html/index.html\r\n",
            "vars": {
              "dbhost": "10.103.0.104"
            }
          },
          "sensitive_attributes": []
        }
      ]
    },
    {
      "mode": "data",
      "type": "template_file",
      "name": "hapee-userdata",
      "provider": "provider[\"registry.terraform.io/hashicorp/template\"]",
      "instances": [
        {
          "schema_version": 0,
          "attributes": {
            "filename": null,
            "id": "7c52578cc826a6ca0c6a8dca36c657a3e5407a0422c0365946ca7092ecaf8758",
            "rendered": "#!/bin/bash\r\nsudo echo \"start\" \u003e /tmp/max-user-data.log\r\nsudo wget https://raw.githubusercontent.com/mcrucovschii/SmallEnvironment/Development/haproxy.sh -O /root/haproxy.sh\r\nsudo cd /root/\r\nsudo bash /root/haproxy.sh\r\nsudo tee /etc/haproxy/haproxy.cfg \u003c\u003cEOF\r\nglobal\r\n   log /dev/log local0\r\n   log /dev/log local1 debug\r\n   chroot /var/lib/haproxy\r\n   stats timeout 30s\r\n   user haproxy\r\n   group haproxy\r\n   daemon\r\ndefaults\r\n   log global\r\n   mode http\r\n   option httplog\r\n   option dontlognull\r\n   timeout connect 5000\r\n   timeout client 50000\r\n   timeout server 50000\r\nfrontend http_front\r\n   bind *:80\r\n   stats uri /haproxy?stats\r\n   default_backend http_back\r\nbackend http_back\r\n   balance roundrobin\r\n    server app-i-01e9e9795e6ed06ac 10.102.0.222:80 cookie app-i-01e9e9795e6ed06ac check\n    server app-i-0a80d0194c488aa6d 10.102.1.162:80 cookie app-i-0a80d0194c488aa6d check\r\nEOF\r\nsudo chmod 644 /etc/haproxy/haproxy.cfg\r\nsudo systemctl restart haproxy\r\n",
            "template": "#!/bin/bash\r\nsudo echo \"start\" \u003e /tmp/max-user-data.log\r\nsudo wget https://raw.githubusercontent.com/mcrucovschii/SmallEnvironment/Development/haproxy.sh -O /root/haproxy.sh\r\nsudo cd /root/\r\nsudo bash /root/haproxy.sh\r\nsudo tee /etc/haproxy/haproxy.cfg \u003c\u003cEOF\r\nglobal\r\n   log /dev/log local0\r\n   log /dev/log local1 debug\r\n   chroot /var/lib/haproxy\r\n   stats timeout 30s\r\n   user haproxy\r\n   group haproxy\r\n   daemon\r\ndefaults\r\n   log global\r\n   mode http\r\n   option httplog\r\n   option dontlognull\r\n   timeout connect 5000\r\n   timeout client 50000\r\n   timeout server 50000\r\nfrontend http_front\r\n   bind *:80\r\n   stats uri /haproxy?stats\r\n   default_backend http_back\r\nbackend http_back\r\n   balance roundrobin\r\n${serverlist}\r\nEOF\r\nsudo chmod 644 /etc/haproxy/haproxy.cfg\r\nsudo systemctl restart haproxy\r\n",
            "vars": {
              "serverlist": "    server app-i-01e9e9795e6ed06ac 10.102.0.222:80 cookie app-i-01e9e9795e6ed06ac check\n    server app-i-0a80d0194c488aa6d 10.102.1.162:80 cookie app-i-0a80d0194c488aa6d check"
            }
          },
          "sensitive_attributes": []
        }
      ]
    },
    {
      "mode": "managed",
      "type": "aws_default_vpc",
      "name": "default",
      "provider": "provider[\"registry.terraform.io/hashicorp/aws\"]",
      "instances": [
        {
          "schema_version": 1,
          "attributes": {
            "arn": "arn:aws:ec2:eu-central-1:639043009224:vpc/vpc-026fa6b2a9153e65b",
            "assign_generated_ipv6_cidr_block": false,
            "cidr_block": "172.31.0.0/16",
            "default_network_acl_id": "acl-00b4f0d1a59081f78",
            "default_route_table_id": "rtb-0f12407ebdbe3f0a6",
            "default_security_group_id": "sg-0823f2fd73a083ec1",
            "dhcp_options_id": "dopt-096306b9156882a86",
            "enable_classiclink": false,
            "enable_classiclink_dns_support": false,
            "enable_dns_hostnames": true,
            "enable_dns_support": true,
            "existing_default_vpc": true,
            "force_destroy": false,
            "id": "vpc-026fa6b2a9153e65b",
            "instance_tenancy": "default",
            "ipv6_association_id": "",
            "ipv6_cidr_block": "",
            "ipv6_cidr_block_network_border_group": "",
            "ipv6_ipam_pool_id": "",
            "ipv6_netmask_length": 0,
            "main_route_table_id": "rtb-0f12407ebdbe3f0a6",
            "owner_id": "639043009224",
            "tags": null,
            "tags_all": {}
          },
          "sensitive_attributes": [],
          "private": "eyJzY2hlbWFfdmVyc2lvbiI6IjEifQ=="
        }
      ]
    },
    {
      "mode": "managed",
      "type": "aws_instance",
      "name": "db_node",
      "provider": "provider[\"registry.terraform.io/hashicorp/aws\"]",
      "instances": [
        {
          "index_key": 0,
          "schema_version": 1,
          "attributes": {
            "ami": "ami-09439f09c55136ecf",
            "arn": "arn:aws:ec2:eu-central-1:639043009224:instance/i-0fd6a5205ceb96ccf",
            "associate_public_ip_address": true,
            "availability_zone": "eu-central-1a",
            "capacity_reservation_specification": [
              {
                "capacity_reservation_preference": "open",
                "capacity_reservation_target": []
              }
            ],
            "cpu_core_count": 1,
            "cpu_threads_per_core": 1,
            "credit_specification": [
              {
                "cpu_credits": "standard"
              }
            ],
            "disable_api_termination": false,
            "ebs_block_device": [],
            "ebs_optimized": false,
            "enclave_options": [
              {
                "enabled": false
              }
            ],
            "ephemeral_block_device": [],
            "get_password_data": false,
            "hibernation": false,
            "host_id": null,
            "iam_instance_profile": "",
            "id": "i-0fd6a5205ceb96ccf",
            "instance_initiated_shutdown_behavior": "stop",
            "instance_state": "running",
            "instance_type": "t2.micro",
            "ipv6_address_count": 0,
            "ipv6_addresses": [],
            "key_name": "MaxKeyPair",
            "launch_template": [],
            "maintenance_options": [
              {
                "auto_recovery": "default"
              }
            ],
            "metadata_options": [
              {
                "http_endpoint": "enabled",
                "http_put_response_hop_limit": 1,
                "http_tokens": "optional",
                "instance_metadata_tags": "disabled"
              }
            ],
            "monitoring": false,
            "network_interface": [],
            "outpost_arn": "",
            "password_data": "",
            "placement_group": "",
            "placement_partition_number": null,
            "primary_network_interface_id": "eni-0774187c5a9131d3b",
            "private_dns": "ip-10-103-0-104.eu-central-1.compute.internal",
            "private_ip": "10.103.0.104",
            "public_dns": "ec2-35-156-24-55.eu-central-1.compute.amazonaws.com",
            "public_ip": "35.156.24.55",
            "root_block_device": [
              {
                "delete_on_termination": true,
                "device_name": "/dev/xvda",
                "encrypted": false,
                "iops": 100,
                "kms_key_id": "",
                "tags": {},
                "throughput": 0,
                "volume_id": "vol-0f30741f9da6464d3",
                "volume_size": 8,
                "volume_type": "gp2"
              }
            ],
            "secondary_private_ips": [],
            "security_groups": [],
            "source_dest_check": true,
            "subnet_id": "subnet-02d00e93b4f15246b",
            "tags": {
              "Name": "db_node_0"
            },
            "tags_all": {
              "Name": "db_node_0"
            },
            "tenancy": "default",
            "timeouts": null,
            "user_data": "e2a33fb4a9d9e9bf4b913787240b1d5e316d8878",
            "user_data_base64": null,
            "user_data_replace_on_change": false,
            "volume_tags": null,
            "vpc_security_group_ids": [
              "sg-0f68c1e24411e06c6"
            ]
          },
          "sensitive_attributes": [],
          "private": "eyJlMmJmYjczMC1lY2FhLTExZTYtOGY4OC0zNDM2M2JjN2M0YzAiOnsiY3JlYXRlIjo2MDAwMDAwMDAwMDAsImRlbGV0ZSI6MTIwMDAwMDAwMDAwMCwidXBkYXRlIjo2MDAwMDAwMDAwMDB9LCJzY2hlbWFfdmVyc2lvbiI6IjEifQ==",
          "dependencies": [
            "aws_security_group.dbnode_sg",
            "aws_subnet.PrivateSubnetDBNodes",
            "aws_vpc.VPC-DBNodes",
            "data.aws_ami.fresh_amazon_linux",
            "data.aws_availability_zones.all"
          ]
        },
        {
          "index_key": 1,
          "schema_version": 1,
          "attributes": {
            "ami": "ami-09439f09c55136ecf",
            "arn": "arn:aws:ec2:eu-central-1:639043009224:instance/i-0fb5a915e248c229c",
            "associate_public_ip_address": true,
            "availability_zone": "eu-central-1b",
            "capacity_reservation_specification": [
              {
                "capacity_reservation_preference": "open",
                "capacity_reservation_target": []
              }
            ],
            "cpu_core_count": 1,
            "cpu_threads_per_core": 1,
            "credit_specification": [
              {
                "cpu_credits": "standard"
              }
            ],
            "disable_api_termination": false,
            "ebs_block_device": [],
            "ebs_optimized": false,
            "enclave_options": [
              {
                "enabled": false
              }
            ],
            "ephemeral_block_device": [],
            "get_password_data": false,
            "hibernation": false,
            "host_id": null,
            "iam_instance_profile": "",
            "id": "i-0fb5a915e248c229c",
            "instance_initiated_shutdown_behavior": "stop",
            "instance_state": "running",
            "instance_type": "t2.micro",
            "ipv6_address_count": 0,
            "ipv6_addresses": [],
            "key_name": "MaxKeyPair",
            "launch_template": [],
            "maintenance_options": [
              {
                "auto_recovery": "default"
              }
            ],
            "metadata_options": [
              {
                "http_endpoint": "enabled",
                "http_put_response_hop_limit": 1,
                "http_tokens": "optional",
                "instance_metadata_tags": "disabled"
              }
            ],
            "monitoring": false,
            "network_interface": [],
            "outpost_arn": "",
            "password_data": "",
            "placement_group": "",
            "placement_partition_number": null,
            "primary_network_interface_id": "eni-090c638e45e3c47c8",
            "private_dns": "ip-10-103-1-147.eu-central-1.compute.internal",
            "private_ip": "10.103.1.147",
            "public_dns": "ec2-54-93-43-56.eu-central-1.compute.amazonaws.com",
            "public_ip": "54.93.43.56",
            "root_block_device": [
              {
                "delete_on_termination": true,
                "device_name": "/dev/xvda",
                "encrypted": false,
                "iops": 100,
                "kms_key_id": "",
                "tags": {},
                "throughput": 0,
                "volume_id": "vol-056cd72700ae7e4f3",
                "volume_size": 8,
                "volume_type": "gp2"
              }
            ],
            "secondary_private_ips": [],
            "security_groups": [],
            "source_dest_check": true,
            "subnet_id": "subnet-079e02ca7d034f0a7",
            "tags": {
              "Name": "db_node_1"
            },
            "tags_all": {
              "Name": "db_node_1"
            },
            "tenancy": "default",
            "timeouts": null,
            "user_data": "e2a33fb4a9d9e9bf4b913787240b1d5e316d8878",
            "user_data_base64": null,
            "user_data_replace_on_change": false,
            "volume_tags": null,
            "vpc_security_group_ids": [
              "sg-0f68c1e24411e06c6"
            ]
          },
          "sensitive_attributes": [],
          "private": "eyJlMmJmYjczMC1lY2FhLTExZTYtOGY4OC0zNDM2M2JjN2M0YzAiOnsiY3JlYXRlIjo2MDAwMDAwMDAwMDAsImRlbGV0ZSI6MTIwMDAwMDAwMDAwMCwidXBkYXRlIjo2MDAwMDAwMDAwMDB9LCJzY2hlbWFfdmVyc2lvbiI6IjEifQ==",
          "dependencies": [
            "aws_security_group.dbnode_sg",
            "aws_subnet.PrivateSubnetDBNodes",
            "aws_vpc.VPC-DBNodes",
            "data.aws_ami.fresh_amazon_linux",
            "data.aws_availability_zones.all"
          ]
        },
        {
          "index_key": 2,
          "schema_version": 1,
          "attributes": {
            "ami": "ami-09439f09c55136ecf",
            "arn": "arn:aws:ec2:eu-central-1:639043009224:instance/i-07f8ec6c18f9bfb51",
            "associate_public_ip_address": true,
            "availability_zone": "eu-central-1a",
            "capacity_reservation_specification": [
              {
                "capacity_reservation_preference": "open",
                "capacity_reservation_target": []
              }
            ],
            "cpu_core_count": 1,
            "cpu_threads_per_core": 1,
            "credit_specification": [
              {
                "cpu_credits": "standard"
              }
            ],
            "disable_api_termination": false,
            "ebs_block_device": [],
            "ebs_optimized": false,
            "enclave_options": [
              {
                "enabled": false
              }
            ],
            "ephemeral_block_device": [],
            "get_password_data": false,
            "hibernation": false,
            "host_id": null,
            "iam_instance_profile": "",
            "id": "i-07f8ec6c18f9bfb51",
            "instance_initiated_shutdown_behavior": "stop",
            "instance_state": "running",
            "instance_type": "t2.micro",
            "ipv6_address_count": 0,
            "ipv6_addresses": [],
            "key_name": "MaxKeyPair",
            "launch_template": [],
            "maintenance_options": [
              {
                "auto_recovery": "default"
              }
            ],
            "metadata_options": [
              {
                "http_endpoint": "enabled",
                "http_put_response_hop_limit": 1,
                "http_tokens": "optional",
                "instance_metadata_tags": "disabled"
              }
            ],
            "monitoring": false,
            "network_interface": [],
            "outpost_arn": "",
            "password_data": "",
            "placement_group": "",
            "placement_partition_number": null,
            "primary_network_interface_id": "eni-00e3006f2d9ad272d",
            "private_dns": "ip-10-103-0-57.eu-central-1.compute.internal",
            "private_ip": "10.103.0.57",
            "public_dns": "ec2-3-65-227-122.eu-central-1.compute.amazonaws.com",
            "public_ip": "3.65.227.122",
            "root_block_device": [
              {
                "delete_on_termination": true,
                "device_name": "/dev/xvda",
                "encrypted": false,
                "iops": 100,
                "kms_key_id": "",
                "tags": {},
                "throughput": 0,
                "volume_id": "vol-03cd98f07023fac89",
                "volume_size": 8,
                "volume_type": "gp2"
              }
            ],
            "secondary_private_ips": [],
            "security_groups": [],
            "source_dest_check": true,
            "subnet_id": "subnet-02d00e93b4f15246b",
            "tags": {
              "Name": "db_node_2"
            },
            "tags_all": {
              "Name": "db_node_2"
            },
            "tenancy": "default",
            "timeouts": null,
            "user_data": "e2a33fb4a9d9e9bf4b913787240b1d5e316d8878",
            "user_data_base64": null,
            "user_data_replace_on_change": false,
            "volume_tags": null,
            "vpc_security_group_ids": [
              "sg-0f68c1e24411e06c6"
            ]
          },
          "sensitive_attributes": [],
          "private": "eyJlMmJmYjczMC1lY2FhLTExZTYtOGY4OC0zNDM2M2JjN2M0YzAiOnsiY3JlYXRlIjo2MDAwMDAwMDAwMDAsImRlbGV0ZSI6MTIwMDAwMDAwMDAwMCwidXBkYXRlIjo2MDAwMDAwMDAwMDB9LCJzY2hlbWFfdmVyc2lvbiI6IjEifQ==",
          "dependencies": [
            "aws_security_group.dbnode_sg",
            "aws_subnet.PrivateSubnetDBNodes",
            "aws_vpc.VPC-DBNodes",
            "data.aws_ami.fresh_amazon_linux",
            "data.aws_availability_zones.all"
          ]
        }
      ]
    },
    {
      "mode": "managed",
      "type": "aws_instance",
      "name": "hapee_node",
      "provider": "provider[\"registry.terraform.io/hashicorp/aws\"]",
      "instances": [
        {
          "index_key": 0,
          "schema_version": 1,
          "attributes": {
            "ami": "ami-09439f09c55136ecf",
            "arn": "arn:aws:ec2:eu-central-1:639043009224:instance/i-00d8eaabb1fec6924",
            "associate_public_ip_address": true,
            "availability_zone": "eu-central-1a",
            "capacity_reservation_specification": [
              {
                "capacity_reservation_preference": "open",
                "capacity_reservation_target": []
              }
            ],
            "cpu_core_count": 1,
            "cpu_threads_per_core": 1,
            "credit_specification": [
              {
                "cpu_credits": "standard"
              }
            ],
            "disable_api_termination": false,
            "ebs_block_device": [],
            "ebs_optimized": false,
            "enclave_options": [
              {
                "enabled": false
              }
            ],
            "ephemeral_block_device": [],
            "get_password_data": false,
            "hibernation": false,
            "host_id": null,
            "iam_instance_profile": "",
            "id": "i-00d8eaabb1fec6924",
            "instance_initiated_shutdown_behavior": "stop",
            "instance_state": "running",
            "instance_type": "t2.micro",
            "ipv6_address_count": 0,
            "ipv6_addresses": [],
            "key_name": "MaxKeyPair",
            "launch_template": [],
            "maintenance_options": [
              {
                "auto_recovery": "default"
              }
            ],
            "metadata_options": [
              {
                "http_endpoint": "enabled",
                "http_put_response_hop_limit": 1,
                "http_tokens": "optional",
                "instance_metadata_tags": "disabled"
              }
            ],
            "monitoring": false,
            "network_interface": [],
            "outpost_arn": "",
            "password_data": "",
            "placement_group": "",
            "placement_partition_number": null,
            "primary_network_interface_id": "eni-0b50deca58affce66",
            "private_dns": "ip-10-101-0-144.eu-central-1.compute.internal",
            "private_ip": "10.101.0.144",
            "public_dns": "ec2-18-196-38-73.eu-central-1.compute.amazonaws.com",
            "public_ip": "18.196.38.73",
            "root_block_device": [
              {
                "delete_on_termination": true,
                "device_name": "/dev/xvda",
                "encrypted": false,
                "iops": 100,
                "kms_key_id": "",
                "tags": {},
                "throughput": 0,
                "volume_id": "vol-04ade8e587e426db0",
                "volume_size": 8,
                "volume_type": "gp2"
              }
            ],
            "secondary_private_ips": [],
            "security_groups": [],
            "source_dest_check": true,
            "subnet_id": "subnet-0a88444f05b593764",
            "tags": {
              "Name": "hapee_node_0"
            },
            "tags_all": {
              "Name": "hapee_node_0"
            },
            "tenancy": "default",
            "timeouts": null,
            "user_data": "783a19f32480ff43b4c9c8edc5d3fccc9165b727",
            "user_data_base64": null,
            "user_data_replace_on_change": false,
            "volume_tags": null,
            "vpc_security_group_ids": [
              "sg-03f3540469bcb7b0b"
            ]
          },
          "sensitive_attributes": [],
          "private": "eyJlMmJmYjczMC1lY2FhLTExZTYtOGY4OC0zNDM2M2JjN2M0YzAiOnsiY3JlYXRlIjo2MDAwMDAwMDAwMDAsImRlbGV0ZSI6MTIwMDAwMDAwMDAwMCwidXBkYXRlIjo2MDAwMDAwMDAwMDB9LCJzY2hlbWFfdmVyc2lvbiI6IjEifQ==",
          "dependencies": [
            "aws_instance.db_node",
            "aws_instance.web_node",
            "aws_security_group.app_sg",
            "aws_security_group.dbnode_sg",
            "aws_security_group.lb_sg",
            "aws_subnet.PrivateSubnetAppServers",
            "aws_subnet.PrivateSubnetDBNodes",
            "aws_subnet.PublicSubnetLB",
            "aws_vpc.VPC-AppServers",
            "aws_vpc.VPC-DBNodes",
            "aws_vpc.VPC-LB",
            "data.aws_ami.fresh_amazon_linux",
            "data.aws_availability_zones.all",
            "data.template_file.db-userdata",
            "data.template_file.hapee-userdata"
          ]
        },
        {
          "index_key": 1,
          "schema_version": 1,
          "attributes": {
            "ami": "ami-09439f09c55136ecf",
            "arn": "arn:aws:ec2:eu-central-1:639043009224:instance/i-0e3066322a7be62be",
            "associate_public_ip_address": true,
            "availability_zone": "eu-central-1b",
            "capacity_reservation_specification": [
              {
                "capacity_reservation_preference": "open",
                "capacity_reservation_target": []
              }
            ],
            "cpu_core_count": 1,
            "cpu_threads_per_core": 1,
            "credit_specification": [
              {
                "cpu_credits": "standard"
              }
            ],
            "disable_api_termination": false,
            "ebs_block_device": [],
            "ebs_optimized": false,
            "enclave_options": [
              {
                "enabled": false
              }
            ],
            "ephemeral_block_device": [],
            "get_password_data": false,
            "hibernation": false,
            "host_id": null,
            "iam_instance_profile": "",
            "id": "i-0e3066322a7be62be",
            "instance_initiated_shutdown_behavior": "stop",
            "instance_state": "running",
            "instance_type": "t2.micro",
            "ipv6_address_count": 0,
            "ipv6_addresses": [],
            "key_name": "MaxKeyPair",
            "launch_template": [],
            "maintenance_options": [
              {
                "auto_recovery": "default"
              }
            ],
            "metadata_options": [
              {
                "http_endpoint": "enabled",
                "http_put_response_hop_limit": 1,
                "http_tokens": "optional",
                "instance_metadata_tags": "disabled"
              }
            ],
            "monitoring": false,
            "network_interface": [],
            "outpost_arn": "",
            "password_data": "",
            "placement_group": "",
            "placement_partition_number": null,
            "primary_network_interface_id": "eni-040de79d91bbab93a",
            "private_dns": "ip-10-101-1-92.eu-central-1.compute.internal",
            "private_ip": "10.101.1.92",
            "public_dns": "ec2-3-74-45-152.eu-central-1.compute.amazonaws.com",
            "public_ip": "3.74.45.152",
            "root_block_device": [
              {
                "delete_on_termination": true,
                "device_name": "/dev/xvda",
                "encrypted": false,
                "iops": 100,
                "kms_key_id": "",
                "tags": {},
                "throughput": 0,
                "volume_id": "vol-04f6246f93eb91c47",
                "volume_size": 8,
                "volume_type": "gp2"
              }
            ],
            "secondary_private_ips": [],
            "security_groups": [],
            "source_dest_check": true,
            "subnet_id": "subnet-0cbf7d0006c2d690b",
            "tags": {
              "Name": "hapee_node_1"
            },
            "tags_all": {
              "Name": "hapee_node_1"
            },
            "tenancy": "default",
            "timeouts": null,
            "user_data": "783a19f32480ff43b4c9c8edc5d3fccc9165b727",
            "user_data_base64": null,
            "user_data_replace_on_change": false,
            "volume_tags": null,
            "vpc_security_group_ids": [
              "sg-03f3540469bcb7b0b"
            ]
          },
          "sensitive_attributes": [],
          "private": "eyJlMmJmYjczMC1lY2FhLTExZTYtOGY4OC0zNDM2M2JjN2M0YzAiOnsiY3JlYXRlIjo2MDAwMDAwMDAwMDAsImRlbGV0ZSI6MTIwMDAwMDAwMDAwMCwidXBkYXRlIjo2MDAwMDAwMDAwMDB9LCJzY2hlbWFfdmVyc2lvbiI6IjEifQ==",
          "dependencies": [
            "aws_instance.db_node",
            "aws_instance.web_node",
            "aws_security_group.app_sg",
            "aws_security_group.dbnode_sg",
            "aws_security_group.lb_sg",
            "aws_subnet.PrivateSubnetAppServers",
            "aws_subnet.PrivateSubnetDBNodes",
            "aws_subnet.PublicSubnetLB",
            "aws_vpc.VPC-AppServers",
            "aws_vpc.VPC-DBNodes",
            "aws_vpc.VPC-LB",
            "data.aws_ami.fresh_amazon_linux",
            "data.aws_availability_zones.all",
            "data.template_file.db-userdata",
            "data.template_file.hapee-userdata"
          ]
        }
      ]
    },
    {
      "mode": "managed",
      "type": "aws_instance",
      "name": "web_node",
      "provider": "provider[\"registry.terraform.io/hashicorp/aws\"]",
      "instances": [
        {
          "index_key": 0,
          "schema_version": 1,
          "attributes": {
            "ami": "ami-09439f09c55136ecf",
            "arn": "arn:aws:ec2:eu-central-1:639043009224:instance/i-01e9e9795e6ed06ac",
            "associate_public_ip_address": true,
            "availability_zone": "eu-central-1a",
            "capacity_reservation_specification": [
              {
                "capacity_reservation_preference": "open",
                "capacity_reservation_target": []
              }
            ],
            "cpu_core_count": 1,
            "cpu_threads_per_core": 1,
            "credit_specification": [
              {
                "cpu_credits": "standard"
              }
            ],
            "disable_api_termination": false,
            "ebs_block_device": [],
            "ebs_optimized": false,
            "enclave_options": [
              {
                "enabled": false
              }
            ],
            "ephemeral_block_device": [],
            "get_password_data": false,
            "hibernation": false,
            "host_id": null,
            "iam_instance_profile": "",
            "id": "i-01e9e9795e6ed06ac",
            "instance_initiated_shutdown_behavior": "stop",
            "instance_state": "running",
            "instance_type": "t2.micro",
            "ipv6_address_count": 0,
            "ipv6_addresses": [],
            "key_name": "MaxKeyPair",
            "launch_template": [],
            "maintenance_options": [
              {
                "auto_recovery": "default"
              }
            ],
            "metadata_options": [
              {
                "http_endpoint": "enabled",
                "http_put_response_hop_limit": 1,
                "http_tokens": "optional",
                "instance_metadata_tags": "disabled"
              }
            ],
            "monitoring": false,
            "network_interface": [],
            "outpost_arn": "",
            "password_data": "",
            "placement_group": "",
            "placement_partition_number": null,
            "primary_network_interface_id": "eni-0d6dc55e90d5d942b",
            "private_dns": "ip-10-102-0-222.eu-central-1.compute.internal",
            "private_ip": "10.102.0.222",
            "public_dns": "ec2-3-70-96-199.eu-central-1.compute.amazonaws.com",
            "public_ip": "3.70.96.199",
            "root_block_device": [
              {
                "delete_on_termination": true,
                "device_name": "/dev/xvda",
                "encrypted": false,
                "iops": 100,
                "kms_key_id": "",
                "tags": {},
                "throughput": 0,
                "volume_id": "vol-0eb3f4e2f4f074162",
                "volume_size": 8,
                "volume_type": "gp2"
              }
            ],
            "secondary_private_ips": [],
            "security_groups": [],
            "source_dest_check": true,
            "subnet_id": "subnet-0543a36359e9e51b8",
            "tags": {
              "Name": "web_node_0"
            },
            "tags_all": {
              "Name": "web_node_0"
            },
            "tenancy": "default",
            "timeouts": null,
            "user_data": "30030152591e8e5d11aa68c05473887d3b249e23",
            "user_data_base64": null,
            "user_data_replace_on_change": false,
            "volume_tags": null,
            "vpc_security_group_ids": [
              "sg-07fa3bc3cc2d0291c"
            ]
          },
          "sensitive_attributes": [],
          "private": "eyJlMmJmYjczMC1lY2FhLTExZTYtOGY4OC0zNDM2M2JjN2M0YzAiOnsiY3JlYXRlIjo2MDAwMDAwMDAwMDAsImRlbGV0ZSI6MTIwMDAwMDAwMDAwMCwidXBkYXRlIjo2MDAwMDAwMDAwMDB9LCJzY2hlbWFfdmVyc2lvbiI6IjEifQ==",
          "dependencies": [
            "aws_instance.db_node",
            "aws_security_group.app_sg",
            "aws_security_group.dbnode_sg",
            "aws_subnet.PrivateSubnetAppServers",
            "aws_subnet.PrivateSubnetDBNodes",
            "aws_vpc.VPC-AppServers",
            "aws_vpc.VPC-DBNodes",
            "data.aws_ami.fresh_amazon_linux",
            "data.aws_availability_zones.all",
            "data.template_file.db-userdata"
          ]
        },
        {
          "index_key": 1,
          "schema_version": 1,
          "attributes": {
            "ami": "ami-09439f09c55136ecf",
            "arn": "arn:aws:ec2:eu-central-1:639043009224:instance/i-0a80d0194c488aa6d",
            "associate_public_ip_address": true,
            "availability_zone": "eu-central-1b",
            "capacity_reservation_specification": [
              {
                "capacity_reservation_preference": "open",
                "capacity_reservation_target": []
              }
            ],
            "cpu_core_count": 1,
            "cpu_threads_per_core": 1,
            "credit_specification": [
              {
                "cpu_credits": "standard"
              }
            ],
            "disable_api_termination": false,
            "ebs_block_device": [],
            "ebs_optimized": false,
            "enclave_options": [
              {
                "enabled": false
              }
            ],
            "ephemeral_block_device": [],
            "get_password_data": false,
            "hibernation": false,
            "host_id": null,
            "iam_instance_profile": "",
            "id": "i-0a80d0194c488aa6d",
            "instance_initiated_shutdown_behavior": "stop",
            "instance_state": "running",
            "instance_type": "t2.micro",
            "ipv6_address_count": 0,
            "ipv6_addresses": [],
            "key_name": "MaxKeyPair",
            "launch_template": [],
            "maintenance_options": [
              {
                "auto_recovery": "default"
              }
            ],
            "metadata_options": [
              {
                "http_endpoint": "enabled",
                "http_put_response_hop_limit": 1,
                "http_tokens": "optional",
                "instance_metadata_tags": "disabled"
              }
            ],
            "monitoring": false,
            "network_interface": [],
            "outpost_arn": "",
            "password_data": "",
            "placement_group": "",
            "placement_partition_number": null,
            "primary_network_interface_id": "eni-0ca6949c660fbca89",
            "private_dns": "ip-10-102-1-162.eu-central-1.compute.internal",
            "private_ip": "10.102.1.162",
            "public_dns": "ec2-18-197-151-16.eu-central-1.compute.amazonaws.com",
            "public_ip": "18.197.151.16",
            "root_block_device": [
              {
                "delete_on_termination": true,
                "device_name": "/dev/xvda",
                "encrypted": false,
                "iops": 100,
                "kms_key_id": "",
                "tags": {},
                "throughput": 0,
                "volume_id": "vol-070aef9111bd0aa27",
                "volume_size": 8,
                "volume_type": "gp2"
              }
            ],
            "secondary_private_ips": [],
            "security_groups": [],
            "source_dest_check": true,
            "subnet_id": "subnet-0848d9f6aba4fd008",
            "tags": {
              "Name": "web_node_1"
            },
            "tags_all": {
              "Name": "web_node_1"
            },
            "tenancy": "default",
            "timeouts": null,
            "user_data": "30030152591e8e5d11aa68c05473887d3b249e23",
            "user_data_base64": null,
            "user_data_replace_on_change": false,
            "volume_tags": null,
            "vpc_security_group_ids": [
              "sg-07fa3bc3cc2d0291c"
            ]
          },
          "sensitive_attributes": [],
          "private": "eyJlMmJmYjczMC1lY2FhLTExZTYtOGY4OC0zNDM2M2JjN2M0YzAiOnsiY3JlYXRlIjo2MDAwMDAwMDAwMDAsImRlbGV0ZSI6MTIwMDAwMDAwMDAwMCwidXBkYXRlIjo2MDAwMDAwMDAwMDB9LCJzY2hlbWFfdmVyc2lvbiI6IjEifQ==",
          "dependencies": [
            "aws_instance.db_node",
            "aws_security_group.app_sg",
            "aws_security_group.dbnode_sg",
            "aws_subnet.PrivateSubnetAppServers",
            "aws_subnet.PrivateSubnetDBNodes",
            "aws_vpc.VPC-AppServers",
            "aws_vpc.VPC-DBNodes",
            "data.aws_ami.fresh_amazon_linux",
            "data.aws_availability_zones.all",
            "data.template_file.db-userdata"
          ]
        }
      ]
    },
    {
      "mode": "managed",
      "type": "aws_internet_gateway",
      "name": "gw",
      "provider": "provider[\"registry.terraform.io/hashicorp/aws\"]",
      "instances": [
        {
          "schema_version": 0,
          "attributes": {
            "arn": "arn:aws:ec2:eu-central-1:639043009224:internet-gateway/igw-09e56fd37e8b92328",
            "id": "igw-09e56fd37e8b92328",
            "owner_id": "639043009224",
            "tags": null,
            "tags_all": {},
            "vpc_id": "vpc-05736db1a0167803c"
          },
          "sensitive_attributes": [],
          "private": "bnVsbA==",
          "dependencies": [
            "aws_vpc.VPC-LB"
          ]
        }
      ]
    },
    {
      "mode": "managed",
      "type": "aws_internet_gateway",
      "name": "gw2",
      "provider": "provider[\"registry.terraform.io/hashicorp/aws\"]",
      "instances": [
        {
          "schema_version": 0,
          "attributes": {
            "arn": "arn:aws:ec2:eu-central-1:639043009224:internet-gateway/igw-0467347d840da3d4d",
            "id": "igw-0467347d840da3d4d",
            "owner_id": "639043009224",
            "tags": null,
            "tags_all": {},
            "vpc_id": "vpc-053bf72ab72f2a168"
          },
          "sensitive_attributes": [],
          "private": "bnVsbA==",
          "dependencies": [
            "aws_vpc.VPC-AppServers"
          ]
        }
      ]
    },
    {
      "mode": "managed",
      "type": "aws_internet_gateway",
      "name": "gw3",
      "provider": "provider[\"registry.terraform.io/hashicorp/aws\"]",
      "instances": [
        {
          "schema_version": 0,
          "attributes": {
            "arn": "arn:aws:ec2:eu-central-1:639043009224:internet-gateway/igw-02901147c4eb3a33a",
            "id": "igw-02901147c4eb3a33a",
            "owner_id": "639043009224",
            "tags": null,
            "tags_all": {},
            "vpc_id": "vpc-0ad49e2c6afd5a746"
          },
          "sensitive_attributes": [],
          "private": "bnVsbA==",
          "dependencies": [
            "aws_vpc.VPC-DBNodes"
          ]
        }
      ]
    },
    {
      "mode": "managed",
      "type": "aws_lb",
      "name": "hapee_alb",
      "provider": "provider[\"registry.terraform.io/hashicorp/aws\"]",
      "instances": [
        {
          "schema_version": 0,
          "attributes": {
            "access_logs": [
              {
                "bucket": "",
                "enabled": false,
                "prefix": ""
              }
            ],
            "arn": "arn:aws:elasticloadbalancing:eu-central-1:639043009224:loadbalancer/app/hapee-test-alb/e3c412588a5e622e",
            "arn_suffix": "app/hapee-test-alb/e3c412588a5e622e",
            "customer_owned_ipv4_pool": "",
            "desync_mitigation_mode": "defensive",
            "dns_name": "hapee-test-alb-1989902000.eu-central-1.elb.amazonaws.com",
            "drop_invalid_header_fields": false,
            "enable_cross_zone_load_balancing": null,
            "enable_deletion_protection": false,
            "enable_http2": true,
            "enable_waf_fail_open": false,
            "id": "arn:aws:elasticloadbalancing:eu-central-1:639043009224:loadbalancer/app/hapee-test-alb/e3c412588a5e622e",
            "idle_timeout": 60,
            "internal": false,
            "ip_address_type": "ipv4",
            "load_balancer_type": "application",
            "name": "hapee-test-alb",
            "name_prefix": null,
            "security_groups": [
              "sg-0e2e56045c84f95d6"
            ],
            "subnet_mapping": [
              {
                "allocation_id": "",
                "ipv6_address": "",
                "outpost_id": "",
                "private_ipv4_address": "",
                "subnet_id": "subnet-0a88444f05b593764"
              },
              {
                "allocation_id": "",
                "ipv6_address": "",
                "outpost_id": "",
                "private_ipv4_address": "",
                "subnet_id": "subnet-0cbf7d0006c2d690b"
              }
            ],
            "subnets": [
              "subnet-0a88444f05b593764",
              "subnet-0cbf7d0006c2d690b"
            ],
            "tags": {
              "Name": "hapee_alb"
            },
            "tags_all": {
              "Name": "hapee_alb"
            },
            "timeouts": null,
            "vpc_id": "vpc-05736db1a0167803c",
            "zone_id": "Z215JYRZR1TBD5"
          },
          "sensitive_attributes": [],
          "private": "eyJlMmJmYjczMC1lY2FhLTExZTYtOGY4OC0zNDM2M2JjN2M0YzAiOnsiY3JlYXRlIjo2MDAwMDAwMDAwMDAsImRlbGV0ZSI6NjAwMDAwMDAwMDAwLCJ1cGRhdGUiOjYwMDAwMDAwMDAwMH19",
          "dependencies": [
            "aws_security_group.elb",
            "aws_subnet.PublicSubnetLB",
            "aws_vpc.VPC-LB",
            "data.aws_availability_zones.all"
          ]
        }
      ]
    },
    {
      "mode": "managed",
      "type": "aws_lb_listener",
      "name": "hapee_alb_listener",
      "provider": "provider[\"registry.terraform.io/hashicorp/aws\"]",
      "instances": [
        {
          "schema_version": 0,
          "attributes": {
            "alpn_policy": null,
            "arn": "arn:aws:elasticloadbalancing:eu-central-1:639043009224:listener/app/hapee-test-alb/e3c412588a5e622e/75c0198b4c5044e1",
            "certificate_arn": null,
            "default_action": [
              {
                "authenticate_cognito": [],
                "authenticate_oidc": [],
                "fixed_response": [],
                "forward": [],
                "order": 1,
                "redirect": [],
                "target_group_arn": "arn:aws:elasticloadbalancing:eu-central-1:639043009224:targetgroup/hapee-test-alb-tg/fbcf05f3383f9d5f",
                "type": "forward"
              }
            ],
            "id": "arn:aws:elasticloadbalancing:eu-central-1:639043009224:listener/app/hapee-test-alb/e3c412588a5e622e/75c0198b4c5044e1",
            "load_balancer_arn": "arn:aws:elasticloadbalancing:eu-central-1:639043009224:loadbalancer/app/hapee-test-alb/e3c412588a5e622e",
            "port": 80,
            "protocol": "HTTP",
            "ssl_policy": "",
            "tags": null,
            "tags_all": {},
            "timeouts": null
          },
          "sensitive_attributes": [],
          "private": "eyJlMmJmYjczMC1lY2FhLTExZTYtOGY4OC0zNDM2M2JjN2M0YzAiOnsicmVhZCI6NjAwMDAwMDAwMDAwfX0=",
          "dependencies": [
            "aws_lb.hapee_alb",
            "aws_lb_target_group.hapee_alb_target",
            "aws_security_group.elb",
            "aws_subnet.PublicSubnetLB",
            "aws_vpc.VPC-LB",
            "data.aws_availability_zones.all"
          ]
        }
      ]
    },
    {
      "mode": "managed",
      "type": "aws_lb_target_group",
      "name": "hapee_alb_target",
      "provider": "provider[\"registry.terraform.io/hashicorp/aws\"]",
      "instances": [
        {
          "schema_version": 0,
          "attributes": {
            "arn": "arn:aws:elasticloadbalancing:eu-central-1:639043009224:targetgroup/hapee-test-alb-tg/fbcf05f3383f9d5f",
            "arn_suffix": "targetgroup/hapee-test-alb-tg/fbcf05f3383f9d5f",
            "connection_termination": false,
            "deregistration_delay": "300",
            "health_check": [
              {
                "enabled": true,
                "healthy_threshold": 3,
                "interval": 30,
                "matcher": "200,202",
                "path": "/haproxy_status",
                "port": "8080",
                "protocol": "HTTP",
                "timeout": 5,
                "unhealthy_threshold": 3
              }
            ],
            "id": "arn:aws:elasticloadbalancing:eu-central-1:639043009224:targetgroup/hapee-test-alb-tg/fbcf05f3383f9d5f",
            "lambda_multi_value_headers_enabled": false,
            "load_balancing_algorithm_type": "round_robin",
            "name": "hapee-test-alb-tg",
            "name_prefix": null,
            "port": 80,
            "preserve_client_ip": null,
            "protocol": "HTTP",
            "protocol_version": "HTTP1",
            "proxy_protocol_v2": false,
            "slow_start": 0,
            "stickiness": [
              {
                "cookie_duration": 86400,
                "cookie_name": "",
                "enabled": false,
                "type": "lb_cookie"
              }
            ],
            "tags": {
              "Name": "hapee_alb_tg"
            },
            "tags_all": {
              "Name": "hapee_alb_tg"
            },
            "target_type": "instance",
            "vpc_id": "vpc-05736db1a0167803c"
          },
          "sensitive_attributes": [],
          "private": "bnVsbA==",
          "dependencies": [
            "aws_vpc.VPC-LB"
          ]
        }
      ]
    },
    {
      "mode": "managed",
      "type": "aws_lb_target_group_attachment",
      "name": "hapee_alb_target_att",
      "provider": "provider[\"registry.terraform.io/hashicorp/aws\"]",
      "instances": [
        {
          "index_key": 0,
          "schema_version": 0,
          "attributes": {
            "availability_zone": null,
            "id": "arn:aws:elasticloadbalancing:eu-central-1:639043009224:targetgroup/hapee-test-alb-tg/fbcf05f3383f9d5f-20220607193448083300000001",
            "port": 80,
            "target_group_arn": "arn:aws:elasticloadbalancing:eu-central-1:639043009224:targetgroup/hapee-test-alb-tg/fbcf05f3383f9d5f",
            "target_id": "i-00d8eaabb1fec6924"
          },
          "sensitive_attributes": [],
          "private": "bnVsbA==",
          "dependencies": [
            "aws_instance.db_node",
            "aws_instance.hapee_node",
            "aws_instance.web_node",
            "aws_lb_target_group.hapee_alb_target",
            "aws_security_group.app_sg",
            "aws_security_group.dbnode_sg",
            "aws_security_group.lb_sg",
            "aws_subnet.PrivateSubnetAppServers",
            "aws_subnet.PrivateSubnetDBNodes",
            "aws_subnet.PublicSubnetLB",
            "aws_vpc.VPC-AppServers",
            "aws_vpc.VPC-DBNodes",
            "aws_vpc.VPC-LB",
            "data.aws_ami.fresh_amazon_linux",
            "data.aws_availability_zones.all",
            "data.template_file.db-userdata",
            "data.template_file.hapee-userdata"
          ]
        },
        {
          "index_key": 1,
          "schema_version": 0,
          "attributes": {
            "availability_zone": null,
            "id": "arn:aws:elasticloadbalancing:eu-central-1:639043009224:targetgroup/hapee-test-alb-tg/fbcf05f3383f9d5f-20220607193448219300000002",
            "port": 80,
            "target_group_arn": "arn:aws:elasticloadbalancing:eu-central-1:639043009224:targetgroup/hapee-test-alb-tg/fbcf05f3383f9d5f",
            "target_id": "i-0e3066322a7be62be"
          },
          "sensitive_attributes": [],
          "private": "bnVsbA==",
          "dependencies": [
            "aws_instance.db_node",
            "aws_instance.hapee_node",
            "aws_instance.web_node",
            "aws_lb_target_group.hapee_alb_target",
            "aws_security_group.app_sg",
            "aws_security_group.dbnode_sg",
            "aws_security_group.lb_sg",
            "aws_subnet.PrivateSubnetAppServers",
            "aws_subnet.PrivateSubnetDBNodes",
            "aws_subnet.PublicSubnetLB",
            "aws_vpc.VPC-AppServers",
            "aws_vpc.VPC-DBNodes",
            "aws_vpc.VPC-LB",
            "data.aws_ami.fresh_amazon_linux",
            "data.aws_availability_zones.all",
            "data.template_file.db-userdata",
            "data.template_file.hapee-userdata"
          ]
        },
        {
          "index_key": 2,
          "schema_version": 0,
          "attributes": {
            "availability_zone": null,
            "id": "arn:aws:elasticloadbalancing:eu-central-1:639043009224:targetgroup/hapee-test-alb-tg/fbcf05f3383f9d5f-20220607193448265000000004",
            "port": 80,
            "target_group_arn": "arn:aws:elasticloadbalancing:eu-central-1:639043009224:targetgroup/hapee-test-alb-tg/fbcf05f3383f9d5f",
            "target_id": "i-00d8eaabb1fec6924"
          },
          "sensitive_attributes": [],
          "private": "bnVsbA==",
          "dependencies": [
            "aws_instance.db_node",
            "aws_instance.hapee_node",
            "aws_instance.web_node",
            "aws_lb_target_group.hapee_alb_target",
            "aws_security_group.app_sg",
            "aws_security_group.dbnode_sg",
            "aws_security_group.lb_sg",
            "aws_subnet.PrivateSubnetAppServers",
            "aws_subnet.PrivateSubnetDBNodes",
            "aws_subnet.PublicSubnetLB",
            "aws_vpc.VPC-AppServers",
            "aws_vpc.VPC-DBNodes",
            "aws_vpc.VPC-LB",
            "data.aws_ami.fresh_amazon_linux",
            "data.aws_availability_zones.all",
            "data.template_file.db-userdata",
            "data.template_file.hapee-userdata"
          ]
        },
        {
          "index_key": 3,
          "schema_version": 0,
          "attributes": {
            "availability_zone": null,
            "id": "arn:aws:elasticloadbalancing:eu-central-1:639043009224:targetgroup/hapee-test-alb-tg/fbcf05f3383f9d5f-20220607193448265000000003",
            "port": 80,
            "target_group_arn": "arn:aws:elasticloadbalancing:eu-central-1:639043009224:targetgroup/hapee-test-alb-tg/fbcf05f3383f9d5f",
            "target_id": "i-0e3066322a7be62be"
          },
          "sensitive_attributes": [],
          "private": "bnVsbA==",
          "dependencies": [
            "aws_instance.db_node",
            "aws_instance.hapee_node",
            "aws_instance.web_node",
            "aws_lb_target_group.hapee_alb_target",
            "aws_security_group.app_sg",
            "aws_security_group.dbnode_sg",
            "aws_security_group.lb_sg",
            "aws_subnet.PrivateSubnetAppServers",
            "aws_subnet.PrivateSubnetDBNodes",
            "aws_subnet.PublicSubnetLB",
            "aws_vpc.VPC-AppServers",
            "aws_vpc.VPC-DBNodes",
            "aws_vpc.VPC-LB",
            "data.aws_ami.fresh_amazon_linux",
            "data.aws_availability_zones.all",
            "data.template_file.db-userdata",
            "data.template_file.hapee-userdata"
          ]
        }
      ]
    },
    {
      "mode": "managed",
      "type": "aws_route_table",
      "name": "r",
      "provider": "provider[\"registry.terraform.io/hashicorp/aws\"]",
      "instances": [
        {
          "schema_version": 0,
          "attributes": {
            "arn": "arn:aws:ec2:eu-central-1:639043009224:route-table/rtb-0caf4a4d2a32cc23c",
            "id": "rtb-0caf4a4d2a32cc23c",
            "owner_id": "639043009224",
            "propagating_vgws": [],
            "route": [
              {
                "carrier_gateway_id": "",
                "cidr_block": "0.0.0.0/0",
                "core_network_arn": "",
                "destination_prefix_list_id": "",
                "egress_only_gateway_id": "",
                "gateway_id": "igw-09e56fd37e8b92328",
                "instance_id": "",
                "ipv6_cidr_block": "",
                "local_gateway_id": "",
                "nat_gateway_id": "",
                "network_interface_id": "",
                "transit_gateway_id": "",
                "vpc_endpoint_id": "",
                "vpc_peering_connection_id": ""
              },
              {
                "carrier_gateway_id": "",
                "cidr_block": "10.102.0.0/16",
                "core_network_arn": "",
                "destination_prefix_list_id": "",
                "egress_only_gateway_id": "",
                "gateway_id": "pcx-08db4e68d82c25d06",
                "instance_id": "",
                "ipv6_cidr_block": "",
                "local_gateway_id": "",
                "nat_gateway_id": "",
                "network_interface_id": "",
                "transit_gateway_id": "",
                "vpc_endpoint_id": "",
                "vpc_peering_connection_id": ""
              }
            ],
            "tags": {
              "Name": "VPC-LB-RT"
            },
            "tags_all": {
              "Name": "VPC-LB-RT"
            },
            "timeouts": null,
            "vpc_id": "vpc-05736db1a0167803c"
          },
          "sensitive_attributes": [],
          "private": "eyJlMmJmYjczMC1lY2FhLTExZTYtOGY4OC0zNDM2M2JjN2M0YzAiOnsiY3JlYXRlIjozMDAwMDAwMDAwMDAsImRlbGV0ZSI6MzAwMDAwMDAwMDAwLCJ1cGRhdGUiOjEyMDAwMDAwMDAwMH19",
          "dependencies": [
            "aws_internet_gateway.gw",
            "aws_vpc.VPC-AppServers",
            "aws_vpc.VPC-LB",
            "aws_vpc_peering_connection.VPC1-2"
          ]
        }
      ]
    },
    {
      "mode": "managed",
      "type": "aws_route_table",
      "name": "r2",
      "provider": "provider[\"registry.terraform.io/hashicorp/aws\"]",
      "instances": [
        {
          "schema_version": 0,
          "attributes": {
            "arn": "arn:aws:ec2:eu-central-1:639043009224:route-table/rtb-0b284ed1aab85ef90",
            "id": "rtb-0b284ed1aab85ef90",
            "owner_id": "639043009224",
            "propagating_vgws": [],
            "route": [
              {
                "carrier_gateway_id": "",
                "cidr_block": "0.0.0.0/0",
                "core_network_arn": "",
                "destination_prefix_list_id": "",
                "egress_only_gateway_id": "",
                "gateway_id": "igw-0467347d840da3d4d",
                "instance_id": "",
                "ipv6_cidr_block": "",
                "local_gateway_id": "",
                "nat_gateway_id": "",
                "network_interface_id": "",
                "transit_gateway_id": "",
                "vpc_endpoint_id": "",
                "vpc_peering_connection_id": ""
              },
              {
                "carrier_gateway_id": "",
                "cidr_block": "10.101.0.0/16",
                "core_network_arn": "",
                "destination_prefix_list_id": "",
                "egress_only_gateway_id": "",
                "gateway_id": "pcx-08db4e68d82c25d06",
                "instance_id": "",
                "ipv6_cidr_block": "",
                "local_gateway_id": "",
                "nat_gateway_id": "",
                "network_interface_id": "",
                "transit_gateway_id": "",
                "vpc_endpoint_id": "",
                "vpc_peering_connection_id": ""
              },
              {
                "carrier_gateway_id": "",
                "cidr_block": "10.103.0.0/16",
                "core_network_arn": "",
                "destination_prefix_list_id": "",
                "egress_only_gateway_id": "",
                "gateway_id": "pcx-0e1379e01e6509d2d",
                "instance_id": "",
                "ipv6_cidr_block": "",
                "local_gateway_id": "",
                "nat_gateway_id": "",
                "network_interface_id": "",
                "transit_gateway_id": "",
                "vpc_endpoint_id": "",
                "vpc_peering_connection_id": ""
              }
            ],
            "tags": {
              "Name": "VPC-App-RT"
            },
            "tags_all": {
              "Name": "VPC-App-RT"
            },
            "timeouts": null,
            "vpc_id": "vpc-053bf72ab72f2a168"
          },
          "sensitive_attributes": [],
          "private": "eyJlMmJmYjczMC1lY2FhLTExZTYtOGY4OC0zNDM2M2JjN2M0YzAiOnsiY3JlYXRlIjozMDAwMDAwMDAwMDAsImRlbGV0ZSI6MzAwMDAwMDAwMDAwLCJ1cGRhdGUiOjEyMDAwMDAwMDAwMH19",
          "dependencies": [
            "aws_internet_gateway.gw2",
            "aws_vpc.VPC-AppServers",
            "aws_vpc.VPC-DBNodes",
            "aws_vpc.VPC-LB",
            "aws_vpc_peering_connection.VPC1-2",
            "aws_vpc_peering_connection.VPC2-3"
          ]
        }
      ]
    },
    {
      "mode": "managed",
      "type": "aws_route_table",
      "name": "r3",
      "provider": "provider[\"registry.terraform.io/hashicorp/aws\"]",
      "instances": [
        {
          "schema_version": 0,
          "attributes": {
            "arn": "arn:aws:ec2:eu-central-1:639043009224:route-table/rtb-059b2fc18f2b7b889",
            "id": "rtb-059b2fc18f2b7b889",
            "owner_id": "639043009224",
            "propagating_vgws": [],
            "route": [
              {
                "carrier_gateway_id": "",
                "cidr_block": "0.0.0.0/0",
                "core_network_arn": "",
                "destination_prefix_list_id": "",
                "egress_only_gateway_id": "",
                "gateway_id": "igw-02901147c4eb3a33a",
                "instance_id": "",
                "ipv6_cidr_block": "",
                "local_gateway_id": "",
                "nat_gateway_id": "",
                "network_interface_id": "",
                "transit_gateway_id": "",
                "vpc_endpoint_id": "",
                "vpc_peering_connection_id": ""
              },
              {
                "carrier_gateway_id": "",
                "cidr_block": "10.102.0.0/16",
                "core_network_arn": "",
                "destination_prefix_list_id": "",
                "egress_only_gateway_id": "",
                "gateway_id": "pcx-0e1379e01e6509d2d",
                "instance_id": "",
                "ipv6_cidr_block": "",
                "local_gateway_id": "",
                "nat_gateway_id": "",
                "network_interface_id": "",
                "transit_gateway_id": "",
                "vpc_endpoint_id": "",
                "vpc_peering_connection_id": ""
              }
            ],
            "tags": {
              "Name": "VPC-DB-RT"
            },
            "tags_all": {
              "Name": "VPC-DB-RT"
            },
            "timeouts": null,
            "vpc_id": "vpc-0ad49e2c6afd5a746"
          },
          "sensitive_attributes": [],
          "private": "eyJlMmJmYjczMC1lY2FhLTExZTYtOGY4OC0zNDM2M2JjN2M0YzAiOnsiY3JlYXRlIjozMDAwMDAwMDAwMDAsImRlbGV0ZSI6MzAwMDAwMDAwMDAwLCJ1cGRhdGUiOjEyMDAwMDAwMDAwMH19",
          "dependencies": [
            "aws_internet_gateway.gw3",
            "aws_vpc.VPC-AppServers",
            "aws_vpc.VPC-DBNodes",
            "aws_vpc_peering_connection.VPC2-3"
          ]
        }
      ]
    },
    {
      "mode": "managed",
      "type": "aws_route_table_association",
      "name": "a",
      "provider": "provider[\"registry.terraform.io/hashicorp/aws\"]",
      "instances": [
        {
          "index_key": 0,
          "schema_version": 0,
          "attributes": {
            "gateway_id": "",
            "id": "rtbassoc-03036dc5fbfd2856d",
            "route_table_id": "rtb-0caf4a4d2a32cc23c",
            "subnet_id": "subnet-0a88444f05b593764"
          },
          "sensitive_attributes": [],
          "private": "bnVsbA==",
          "dependencies": [
            "aws_internet_gateway.gw",
            "aws_route_table.r",
            "aws_subnet.PublicSubnetLB",
            "aws_vpc.VPC-AppServers",
            "aws_vpc.VPC-LB",
            "aws_vpc_peering_connection.VPC1-2",
            "data.aws_availability_zones.all"
          ]
        },
        {
          "index_key": 1,
          "schema_version": 0,
          "attributes": {
            "gateway_id": "",
            "id": "rtbassoc-0a3c79565f2f544c6",
            "route_table_id": "rtb-0caf4a4d2a32cc23c",
            "subnet_id": "subnet-0cbf7d0006c2d690b"
          },
          "sensitive_attributes": [],
          "private": "bnVsbA==",
          "dependencies": [
            "aws_internet_gateway.gw",
            "aws_route_table.r",
            "aws_subnet.PublicSubnetLB",
            "aws_vpc.VPC-AppServers",
            "aws_vpc.VPC-LB",
            "aws_vpc_peering_connection.VPC1-2",
            "data.aws_availability_zones.all"
          ]
        }
      ]
    },
    {
      "mode": "managed",
      "type": "aws_route_table_association",
      "name": "a2",
      "provider": "provider[\"registry.terraform.io/hashicorp/aws\"]",
      "instances": [
        {
          "index_key": 0,
          "schema_version": 0,
          "attributes": {
            "gateway_id": "",
            "id": "rtbassoc-04945de3b4f1302f8",
            "route_table_id": "rtb-0b284ed1aab85ef90",
            "subnet_id": "subnet-0543a36359e9e51b8"
          },
          "sensitive_attributes": [],
          "private": "bnVsbA==",
          "dependencies": [
            "aws_internet_gateway.gw2",
            "aws_route_table.r2",
            "aws_subnet.PrivateSubnetAppServers",
            "aws_vpc.VPC-AppServers",
            "aws_vpc.VPC-DBNodes",
            "aws_vpc.VPC-LB",
            "aws_vpc_peering_connection.VPC1-2",
            "aws_vpc_peering_connection.VPC2-3",
            "data.aws_availability_zones.all"
          ]
        },
        {
          "index_key": 1,
          "schema_version": 0,
          "attributes": {
            "gateway_id": "",
            "id": "rtbassoc-07158dbb7c14d94d3",
            "route_table_id": "rtb-0b284ed1aab85ef90",
            "subnet_id": "subnet-0848d9f6aba4fd008"
          },
          "sensitive_attributes": [],
          "private": "bnVsbA==",
          "dependencies": [
            "aws_internet_gateway.gw2",
            "aws_route_table.r2",
            "aws_subnet.PrivateSubnetAppServers",
            "aws_vpc.VPC-AppServers",
            "aws_vpc.VPC-DBNodes",
            "aws_vpc.VPC-LB",
            "aws_vpc_peering_connection.VPC1-2",
            "aws_vpc_peering_connection.VPC2-3",
            "data.aws_availability_zones.all"
          ]
        }
      ]
    },
    {
      "mode": "managed",
      "type": "aws_route_table_association",
      "name": "a3",
      "provider": "provider[\"registry.terraform.io/hashicorp/aws\"]",
      "instances": [
        {
          "index_key": 0,
          "schema_version": 0,
          "attributes": {
            "gateway_id": "",
            "id": "rtbassoc-004e86115b01650c8",
            "route_table_id": "rtb-059b2fc18f2b7b889",
            "subnet_id": "subnet-02d00e93b4f15246b"
          },
          "sensitive_attributes": [],
          "private": "bnVsbA==",
          "dependencies": [
            "aws_internet_gateway.gw3",
            "aws_route_table.r3",
            "aws_subnet.PrivateSubnetDBNodes",
            "aws_vpc.VPC-AppServers",
            "aws_vpc.VPC-DBNodes",
            "aws_vpc_peering_connection.VPC2-3",
            "data.aws_availability_zones.all"
          ]
        },
        {
          "index_key": 1,
          "schema_version": 0,
          "attributes": {
            "gateway_id": "",
            "id": "rtbassoc-07a1fc4ceb0fe9644",
            "route_table_id": "rtb-059b2fc18f2b7b889",
            "subnet_id": "subnet-079e02ca7d034f0a7"
          },
          "sensitive_attributes": [],
          "private": "bnVsbA==",
          "dependencies": [
            "aws_internet_gateway.gw3",
            "aws_route_table.r3",
            "aws_subnet.PrivateSubnetDBNodes",
            "aws_vpc.VPC-AppServers",
            "aws_vpc.VPC-DBNodes",
            "aws_vpc_peering_connection.VPC2-3",
            "data.aws_availability_zones.all"
          ]
        }
      ]
    },
    {
      "mode": "managed",
      "type": "aws_security_group",
      "name": "app_sg",
      "provider": "provider[\"registry.terraform.io/hashicorp/aws\"]",
      "instances": [
        {
          "schema_version": 1,
          "attributes": {
            "arn": "arn:aws:ec2:eu-central-1:639043009224:security-group/sg-07fa3bc3cc2d0291c",
            "description": "Managed by Terraform",
            "egress": [
              {
                "cidr_blocks": [
                  "0.0.0.0/0"
                ],
                "description": "",
                "from_port": 0,
                "ipv6_cidr_blocks": [],
                "prefix_list_ids": [],
                "protocol": "-1",
                "security_groups": [],
                "self": false,
                "to_port": 0
              }
            ],
            "id": "sg-07fa3bc3cc2d0291c",
            "ingress": [
              {
                "cidr_blocks": [
                  "0.0.0.0/0"
                ],
                "description": "",
                "from_port": 22,
                "ipv6_cidr_blocks": [],
                "prefix_list_ids": [],
                "protocol": "tcp",
                "security_groups": [],
                "self": false,
                "to_port": 22
              },
              {
                "cidr_blocks": [
                  "0.0.0.0/0"
                ],
                "description": "",
                "from_port": 443,
                "ipv6_cidr_blocks": [],
                "prefix_list_ids": [],
                "protocol": "tcp",
                "security_groups": [],
                "self": false,
                "to_port": 443
              },
              {
                "cidr_blocks": [
                  "0.0.0.0/0"
                ],
                "description": "",
                "from_port": 8080,
                "ipv6_cidr_blocks": [],
                "prefix_list_ids": [],
                "protocol": "tcp",
                "security_groups": [],
                "self": false,
                "to_port": 8080
              },
              {
                "cidr_blocks": [
                  "0.0.0.0/0"
                ],
                "description": "",
                "from_port": 80,
                "ipv6_cidr_blocks": [],
                "prefix_list_ids": [],
                "protocol": "tcp",
                "security_groups": [],
                "self": false,
                "to_port": 80
              }
            ],
            "name": "app_sg",
            "name_prefix": "",
            "owner_id": "639043009224",
            "revoke_rules_on_delete": false,
            "tags": {
              "Name": "APP_SG"
            },
            "tags_all": {
              "Name": "APP_SG"
            },
            "timeouts": null,
            "vpc_id": "vpc-053bf72ab72f2a168"
          },
          "sensitive_attributes": [],
          "private": "eyJlMmJmYjczMC1lY2FhLTExZTYtOGY4OC0zNDM2M2JjN2M0YzAiOnsiY3JlYXRlIjo2MDAwMDAwMDAwMDAsImRlbGV0ZSI6OTAwMDAwMDAwMDAwfSwic2NoZW1hX3ZlcnNpb24iOiIxIn0=",
          "dependencies": [
            "aws_vpc.VPC-AppServers"
          ]
        }
      ]
    },
    {
      "mode": "managed",
      "type": "aws_security_group",
      "name": "dbnode_sg",
      "provider": "provider[\"registry.terraform.io/hashicorp/aws\"]",
      "instances": [
        {
          "schema_version": 1,
          "attributes": {
            "arn": "arn:aws:ec2:eu-central-1:639043009224:security-group/sg-0f68c1e24411e06c6",
            "description": "Managed by Terraform",
            "egress": [
              {
                "cidr_blocks": [
                  "0.0.0.0/0"
                ],
                "description": "",
                "from_port": 0,
                "ipv6_cidr_blocks": [],
                "prefix_list_ids": [],
                "protocol": "-1",
                "security_groups": [],
                "self": false,
                "to_port": 0
              }
            ],
            "id": "sg-0f68c1e24411e06c6",
            "ingress": [
              {
                "cidr_blocks": [
                  "0.0.0.0/0"
                ],
                "description": "",
                "from_port": 22,
                "ipv6_cidr_blocks": [],
                "prefix_list_ids": [],
                "protocol": "tcp",
                "security_groups": [],
                "self": false,
                "to_port": 22
              },
              {
                "cidr_blocks": [
                  "0.0.0.0/0"
                ],
                "description": "",
                "from_port": 3306,
                "ipv6_cidr_blocks": [],
                "prefix_list_ids": [],
                "protocol": "tcp",
                "security_groups": [],
                "self": false,
                "to_port": 3306
              }
            ],
            "name": "dbnode_sg",
            "name_prefix": "",
            "owner_id": "639043009224",
            "revoke_rules_on_delete": false,
            "tags": {
              "Name": "DB_SG"
            },
            "tags_all": {
              "Name": "DB_SG"
            },
            "timeouts": null,
            "vpc_id": "vpc-0ad49e2c6afd5a746"
          },
          "sensitive_attributes": [],
          "private": "eyJlMmJmYjczMC1lY2FhLTExZTYtOGY4OC0zNDM2M2JjN2M0YzAiOnsiY3JlYXRlIjo2MDAwMDAwMDAwMDAsImRlbGV0ZSI6OTAwMDAwMDAwMDAwfSwic2NoZW1hX3ZlcnNpb24iOiIxIn0=",
          "dependencies": [
            "aws_vpc.VPC-DBNodes"
          ]
        }
      ]
    },
    {
      "mode": "managed",
      "type": "aws_security_group",
      "name": "elb",
      "provider": "provider[\"registry.terraform.io/hashicorp/aws\"]",
      "instances": [
        {
          "schema_version": 1,
          "attributes": {
            "arn": "arn:aws:ec2:eu-central-1:639043009224:security-group/sg-0e2e56045c84f95d6",
            "description": "Managed by Terraform",
            "egress": [
              {
                "cidr_blocks": [
                  "0.0.0.0/0"
                ],
                "description": "",
                "from_port": 0,
                "ipv6_cidr_blocks": [],
                "prefix_list_ids": [],
                "protocol": "-1",
                "security_groups": [],
                "self": false,
                "to_port": 0
              }
            ],
            "id": "sg-0e2e56045c84f95d6",
            "ingress": [
              {
                "cidr_blocks": [
                  "0.0.0.0/0"
                ],
                "description": "",
                "from_port": 22,
                "ipv6_cidr_blocks": [],
                "prefix_list_ids": [],
                "protocol": "tcp",
                "security_groups": [],
                "self": false,
                "to_port": 22
              },
              {
                "cidr_blocks": [
                  "0.0.0.0/0"
                ],
                "description": "",
                "from_port": 80,
                "ipv6_cidr_blocks": [],
                "prefix_list_ids": [],
                "protocol": "tcp",
                "security_groups": [],
                "self": false,
                "to_port": 80
              }
            ],
            "name": "elb_sg",
            "name_prefix": "",
            "owner_id": "639043009224",
            "revoke_rules_on_delete": false,
            "tags": null,
            "tags_all": {},
            "timeouts": null,
            "vpc_id": "vpc-05736db1a0167803c"
          },
          "sensitive_attributes": [],
          "private": "eyJlMmJmYjczMC1lY2FhLTExZTYtOGY4OC0zNDM2M2JjN2M0YzAiOnsiY3JlYXRlIjo2MDAwMDAwMDAwMDAsImRlbGV0ZSI6OTAwMDAwMDAwMDAwfSwic2NoZW1hX3ZlcnNpb24iOiIxIn0=",
          "dependencies": [
            "aws_vpc.VPC-LB"
          ]
        }
      ]
    },
    {
      "mode": "managed",
      "type": "aws_security_group",
      "name": "lb_sg",
      "provider": "provider[\"registry.terraform.io/hashicorp/aws\"]",
      "instances": [
        {
          "schema_version": 1,
          "attributes": {
            "arn": "arn:aws:ec2:eu-central-1:639043009224:security-group/sg-03f3540469bcb7b0b",
            "description": "Managed by Terraform",
            "egress": [
              {
                "cidr_blocks": [
                  "0.0.0.0/0"
                ],
                "description": "",
                "from_port": 0,
                "ipv6_cidr_blocks": [],
                "prefix_list_ids": [],
                "protocol": "-1",
                "security_groups": [],
                "self": false,
                "to_port": 0
              }
            ],
            "id": "sg-03f3540469bcb7b0b",
            "ingress": [
              {
                "cidr_blocks": [
                  "0.0.0.0/0"
                ],
                "description": "",
                "from_port": 22,
                "ipv6_cidr_blocks": [],
                "prefix_list_ids": [],
                "protocol": "tcp",
                "security_groups": [],
                "self": false,
                "to_port": 22
              },
              {
                "cidr_blocks": [
                  "0.0.0.0/0"
                ],
                "description": "",
                "from_port": 80,
                "ipv6_cidr_blocks": [],
                "prefix_list_ids": [],
                "protocol": "tcp",
                "security_groups": [],
                "self": false,
                "to_port": 80
              }
            ],
            "name": "Load Balancer Security Group",
            "name_prefix": "",
            "owner_id": "639043009224",
            "revoke_rules_on_delete": false,
            "tags": {
              "Name": "LB_SG"
            },
            "tags_all": {
              "Name": "LB_SG"
            },
            "timeouts": null,
            "vpc_id": "vpc-05736db1a0167803c"
          },
          "sensitive_attributes": [],
          "private": "eyJlMmJmYjczMC1lY2FhLTExZTYtOGY4OC0zNDM2M2JjN2M0YzAiOnsiY3JlYXRlIjo2MDAwMDAwMDAwMDAsImRlbGV0ZSI6OTAwMDAwMDAwMDAwfSwic2NoZW1hX3ZlcnNpb24iOiIxIn0=",
          "dependencies": [
            "aws_vpc.VPC-LB"
          ]
        }
      ]
    },
    {
      "mode": "managed",
      "type": "aws_subnet",
      "name": "PrivateSubnetAppServers",
      "provider": "provider[\"registry.terraform.io/hashicorp/aws\"]",
      "instances": [
        {
          "index_key": 0,
          "schema_version": 1,
          "attributes": {
            "arn": "arn:aws:ec2:eu-central-1:639043009224:subnet/subnet-0543a36359e9e51b8",
            "assign_ipv6_address_on_creation": false,
            "availability_zone": "eu-central-1a",
            "availability_zone_id": "euc1-az2",
            "cidr_block": "10.102.0.0/24",
            "customer_owned_ipv4_pool": "",
            "enable_dns64": false,
            "enable_resource_name_dns_a_record_on_launch": false,
            "enable_resource_name_dns_aaaa_record_on_launch": false,
            "id": "subnet-0543a36359e9e51b8",
            "ipv6_cidr_block": "",
            "ipv6_cidr_block_association_id": "",
            "ipv6_native": false,
            "map_customer_owned_ip_on_launch": false,
            "map_public_ip_on_launch": true,
            "outpost_arn": "",
            "owner_id": "639043009224",
            "private_dns_hostname_type_on_launch": "ip-name",
            "tags": {
              "Name": "PrivateSubnetAppServers"
            },
            "tags_all": {
              "Name": "PrivateSubnetAppServers"
            },
            "timeouts": null,
            "vpc_id": "vpc-053bf72ab72f2a168"
          },
          "sensitive_attributes": [],
          "private": "eyJlMmJmYjczMC1lY2FhLTExZTYtOGY4OC0zNDM2M2JjN2M0YzAiOnsiY3JlYXRlIjo2MDAwMDAwMDAwMDAsImRlbGV0ZSI6MTIwMDAwMDAwMDAwMH0sInNjaGVtYV92ZXJzaW9uIjoiMSJ9",
          "dependencies": [
            "aws_vpc.VPC-AppServers",
            "data.aws_availability_zones.all"
          ]
        },
        {
          "index_key": 1,
          "schema_version": 1,
          "attributes": {
            "arn": "arn:aws:ec2:eu-central-1:639043009224:subnet/subnet-0848d9f6aba4fd008",
            "assign_ipv6_address_on_creation": false,
            "availability_zone": "eu-central-1b",
            "availability_zone_id": "euc1-az3",
            "cidr_block": "10.102.1.0/24",
            "customer_owned_ipv4_pool": "",
            "enable_dns64": false,
            "enable_resource_name_dns_a_record_on_launch": false,
            "enable_resource_name_dns_aaaa_record_on_launch": false,
            "id": "subnet-0848d9f6aba4fd008",
            "ipv6_cidr_block": "",
            "ipv6_cidr_block_association_id": "",
            "ipv6_native": false,
            "map_customer_owned_ip_on_launch": false,
            "map_public_ip_on_launch": true,
            "outpost_arn": "",
            "owner_id": "639043009224",
            "private_dns_hostname_type_on_launch": "ip-name",
            "tags": {
              "Name": "PrivateSubnetAppServers"
            },
            "tags_all": {
              "Name": "PrivateSubnetAppServers"
            },
            "timeouts": null,
            "vpc_id": "vpc-053bf72ab72f2a168"
          },
          "sensitive_attributes": [],
          "private": "eyJlMmJmYjczMC1lY2FhLTExZTYtOGY4OC0zNDM2M2JjN2M0YzAiOnsiY3JlYXRlIjo2MDAwMDAwMDAwMDAsImRlbGV0ZSI6MTIwMDAwMDAwMDAwMH0sInNjaGVtYV92ZXJzaW9uIjoiMSJ9",
          "dependencies": [
            "aws_vpc.VPC-AppServers",
            "data.aws_availability_zones.all"
          ]
        }
      ]
    },
    {
      "mode": "managed",
      "type": "aws_subnet",
      "name": "PrivateSubnetDBNodes",
      "provider": "provider[\"registry.terraform.io/hashicorp/aws\"]",
      "instances": [
        {
          "index_key": 0,
          "schema_version": 1,
          "attributes": {
            "arn": "arn:aws:ec2:eu-central-1:639043009224:subnet/subnet-02d00e93b4f15246b",
            "assign_ipv6_address_on_creation": false,
            "availability_zone": "eu-central-1a",
            "availability_zone_id": "euc1-az2",
            "cidr_block": "10.103.0.0/24",
            "customer_owned_ipv4_pool": "",
            "enable_dns64": false,
            "enable_resource_name_dns_a_record_on_launch": false,
            "enable_resource_name_dns_aaaa_record_on_launch": false,
            "id": "subnet-02d00e93b4f15246b",
            "ipv6_cidr_block": "",
            "ipv6_cidr_block_association_id": "",
            "ipv6_native": false,
            "map_customer_owned_ip_on_launch": false,
            "map_public_ip_on_launch": true,
            "outpost_arn": "",
            "owner_id": "639043009224",
            "private_dns_hostname_type_on_launch": "ip-name",
            "tags": {
              "Name": "PrivateSubnetDBNodes"
            },
            "tags_all": {
              "Name": "PrivateSubnetDBNodes"
            },
            "timeouts": null,
            "vpc_id": "vpc-0ad49e2c6afd5a746"
          },
          "sensitive_attributes": [],
          "private": "eyJlMmJmYjczMC1lY2FhLTExZTYtOGY4OC0zNDM2M2JjN2M0YzAiOnsiY3JlYXRlIjo2MDAwMDAwMDAwMDAsImRlbGV0ZSI6MTIwMDAwMDAwMDAwMH0sInNjaGVtYV92ZXJzaW9uIjoiMSJ9",
          "dependencies": [
            "aws_vpc.VPC-DBNodes",
            "data.aws_availability_zones.all"
          ]
        },
        {
          "index_key": 1,
          "schema_version": 1,
          "attributes": {
            "arn": "arn:aws:ec2:eu-central-1:639043009224:subnet/subnet-079e02ca7d034f0a7",
            "assign_ipv6_address_on_creation": false,
            "availability_zone": "eu-central-1b",
            "availability_zone_id": "euc1-az3",
            "cidr_block": "10.103.1.0/24",
            "customer_owned_ipv4_pool": "",
            "enable_dns64": false,
            "enable_resource_name_dns_a_record_on_launch": false,
            "enable_resource_name_dns_aaaa_record_on_launch": false,
            "id": "subnet-079e02ca7d034f0a7",
            "ipv6_cidr_block": "",
            "ipv6_cidr_block_association_id": "",
            "ipv6_native": false,
            "map_customer_owned_ip_on_launch": false,
            "map_public_ip_on_launch": true,
            "outpost_arn": "",
            "owner_id": "639043009224",
            "private_dns_hostname_type_on_launch": "ip-name",
            "tags": {
              "Name": "PrivateSubnetDBNodes"
            },
            "tags_all": {
              "Name": "PrivateSubnetDBNodes"
            },
            "timeouts": null,
            "vpc_id": "vpc-0ad49e2c6afd5a746"
          },
          "sensitive_attributes": [],
          "private": "eyJlMmJmYjczMC1lY2FhLTExZTYtOGY4OC0zNDM2M2JjN2M0YzAiOnsiY3JlYXRlIjo2MDAwMDAwMDAwMDAsImRlbGV0ZSI6MTIwMDAwMDAwMDAwMH0sInNjaGVtYV92ZXJzaW9uIjoiMSJ9",
          "dependencies": [
            "aws_vpc.VPC-DBNodes",
            "data.aws_availability_zones.all"
          ]
        }
      ]
    },
    {
      "mode": "managed",
      "type": "aws_subnet",
      "name": "PublicSubnetLB",
      "provider": "provider[\"registry.terraform.io/hashicorp/aws\"]",
      "instances": [
        {
          "index_key": 0,
          "schema_version": 1,
          "attributes": {
            "arn": "arn:aws:ec2:eu-central-1:639043009224:subnet/subnet-0a88444f05b593764",
            "assign_ipv6_address_on_creation": false,
            "availability_zone": "eu-central-1a",
            "availability_zone_id": "euc1-az2",
            "cidr_block": "10.101.0.0/24",
            "customer_owned_ipv4_pool": "",
            "enable_dns64": false,
            "enable_resource_name_dns_a_record_on_launch": false,
            "enable_resource_name_dns_aaaa_record_on_launch": false,
            "id": "subnet-0a88444f05b593764",
            "ipv6_cidr_block": "",
            "ipv6_cidr_block_association_id": "",
            "ipv6_native": false,
            "map_customer_owned_ip_on_launch": false,
            "map_public_ip_on_launch": true,
            "outpost_arn": "",
            "owner_id": "639043009224",
            "private_dns_hostname_type_on_launch": "ip-name",
            "tags": {
              "Name": "PublicSubnetLB"
            },
            "tags_all": {
              "Name": "PublicSubnetLB"
            },
            "timeouts": null,
            "vpc_id": "vpc-05736db1a0167803c"
          },
          "sensitive_attributes": [],
          "private": "eyJlMmJmYjczMC1lY2FhLTExZTYtOGY4OC0zNDM2M2JjN2M0YzAiOnsiY3JlYXRlIjo2MDAwMDAwMDAwMDAsImRlbGV0ZSI6MTIwMDAwMDAwMDAwMH0sInNjaGVtYV92ZXJzaW9uIjoiMSJ9",
          "dependencies": [
            "aws_vpc.VPC-LB",
            "data.aws_availability_zones.all"
          ]
        },
        {
          "index_key": 1,
          "schema_version": 1,
          "attributes": {
            "arn": "arn:aws:ec2:eu-central-1:639043009224:subnet/subnet-0cbf7d0006c2d690b",
            "assign_ipv6_address_on_creation": false,
            "availability_zone": "eu-central-1b",
            "availability_zone_id": "euc1-az3",
            "cidr_block": "10.101.1.0/24",
            "customer_owned_ipv4_pool": "",
            "enable_dns64": false,
            "enable_resource_name_dns_a_record_on_launch": false,
            "enable_resource_name_dns_aaaa_record_on_launch": false,
            "id": "subnet-0cbf7d0006c2d690b",
            "ipv6_cidr_block": "",
            "ipv6_cidr_block_association_id": "",
            "ipv6_native": false,
            "map_customer_owned_ip_on_launch": false,
            "map_public_ip_on_launch": true,
            "outpost_arn": "",
            "owner_id": "639043009224",
            "private_dns_hostname_type_on_launch": "ip-name",
            "tags": {
              "Name": "PublicSubnetLB"
            },
            "tags_all": {
              "Name": "PublicSubnetLB"
            },
            "timeouts": null,
            "vpc_id": "vpc-05736db1a0167803c"
          },
          "sensitive_attributes": [],
          "private": "eyJlMmJmYjczMC1lY2FhLTExZTYtOGY4OC0zNDM2M2JjN2M0YzAiOnsiY3JlYXRlIjo2MDAwMDAwMDAwMDAsImRlbGV0ZSI6MTIwMDAwMDAwMDAwMH0sInNjaGVtYV92ZXJzaW9uIjoiMSJ9",
          "dependencies": [
            "aws_vpc.VPC-LB",
            "data.aws_availability_zones.all"
          ]
        }
      ]
    },
    {
      "mode": "managed",
      "type": "aws_vpc",
      "name": "VPC-AppServers",
      "provider": "provider[\"registry.terraform.io/hashicorp/aws\"]",
      "instances": [
        {
          "schema_version": 1,
          "attributes": {
            "arn": "arn:aws:ec2:eu-central-1:639043009224:vpc/vpc-053bf72ab72f2a168",
            "assign_generated_ipv6_cidr_block": false,
            "cidr_block": "10.102.0.0/16",
            "default_network_acl_id": "acl-092fc1204bdc1f7a8",
            "default_route_table_id": "rtb-048950a049413466a",
            "default_security_group_id": "sg-02f5c2f877675f068",
            "dhcp_options_id": "dopt-096306b9156882a86",
            "enable_classiclink": false,
            "enable_classiclink_dns_support": false,
            "enable_dns_hostnames": true,
            "enable_dns_support": true,
            "id": "vpc-053bf72ab72f2a168",
            "instance_tenancy": "default",
            "ipv4_ipam_pool_id": null,
            "ipv4_netmask_length": null,
            "ipv6_association_id": "",
            "ipv6_cidr_block": "",
            "ipv6_cidr_block_network_border_group": "",
            "ipv6_ipam_pool_id": "",
            "ipv6_netmask_length": 0,
            "main_route_table_id": "rtb-048950a049413466a",
            "owner_id": "639043009224",
            "tags": {
              "Name": "VPC-AppServers"
            },
            "tags_all": {
              "Name": "VPC-AppServers"
            }
          },
          "sensitive_attributes": [],
          "private": "eyJzY2hlbWFfdmVyc2lvbiI6IjEifQ=="
        }
      ]
    },
    {
      "mode": "managed",
      "type": "aws_vpc",
      "name": "VPC-DBNodes",
      "provider": "provider[\"registry.terraform.io/hashicorp/aws\"]",
      "instances": [
        {
          "schema_version": 1,
          "attributes": {
            "arn": "arn:aws:ec2:eu-central-1:639043009224:vpc/vpc-0ad49e2c6afd5a746",
            "assign_generated_ipv6_cidr_block": false,
            "cidr_block": "10.103.0.0/16",
            "default_network_acl_id": "acl-08ecc1f982bd66fff",
            "default_route_table_id": "rtb-02617436b45c1b5c3",
            "default_security_group_id": "sg-05b816bdfb5116e73",
            "dhcp_options_id": "dopt-096306b9156882a86",
            "enable_classiclink": false,
            "enable_classiclink_dns_support": false,
            "enable_dns_hostnames": true,
            "enable_dns_support": true,
            "id": "vpc-0ad49e2c6afd5a746",
            "instance_tenancy": "default",
            "ipv4_ipam_pool_id": null,
            "ipv4_netmask_length": null,
            "ipv6_association_id": "",
            "ipv6_cidr_block": "",
            "ipv6_cidr_block_network_border_group": "",
            "ipv6_ipam_pool_id": "",
            "ipv6_netmask_length": 0,
            "main_route_table_id": "rtb-02617436b45c1b5c3",
            "owner_id": "639043009224",
            "tags": {
              "Name": "VPC-DBNodes"
            },
            "tags_all": {
              "Name": "VPC-DBNodes"
            }
          },
          "sensitive_attributes": [],
          "private": "eyJzY2hlbWFfdmVyc2lvbiI6IjEifQ=="
        }
      ]
    },
    {
      "mode": "managed",
      "type": "aws_vpc",
      "name": "VPC-LB",
      "provider": "provider[\"registry.terraform.io/hashicorp/aws\"]",
      "instances": [
        {
          "schema_version": 1,
          "attributes": {
            "arn": "arn:aws:ec2:eu-central-1:639043009224:vpc/vpc-05736db1a0167803c",
            "assign_generated_ipv6_cidr_block": false,
            "cidr_block": "10.101.0.0/16",
            "default_network_acl_id": "acl-0786f0b2a42ab45aa",
            "default_route_table_id": "rtb-09309398b405b4e62",
            "default_security_group_id": "sg-08ec945fcdbf21129",
            "dhcp_options_id": "dopt-096306b9156882a86",
            "enable_classiclink": false,
            "enable_classiclink_dns_support": false,
            "enable_dns_hostnames": true,
            "enable_dns_support": true,
            "id": "vpc-05736db1a0167803c",
            "instance_tenancy": "default",
            "ipv4_ipam_pool_id": null,
            "ipv4_netmask_length": null,
            "ipv6_association_id": "",
            "ipv6_cidr_block": "",
            "ipv6_cidr_block_network_border_group": "",
            "ipv6_ipam_pool_id": "",
            "ipv6_netmask_length": 0,
            "main_route_table_id": "rtb-09309398b405b4e62",
            "owner_id": "639043009224",
            "tags": {
              "Name": "VPC-LB"
            },
            "tags_all": {
              "Name": "VPC-LB"
            }
          },
          "sensitive_attributes": [],
          "private": "eyJzY2hlbWFfdmVyc2lvbiI6IjEifQ=="
        }
      ]
    },
    {
      "mode": "managed",
      "type": "aws_vpc_peering_connection",
      "name": "VPC1-2",
      "provider": "provider[\"registry.terraform.io/hashicorp/aws\"]",
      "instances": [
        {
          "schema_version": 0,
          "attributes": {
            "accept_status": "active",
            "accepter": [
              {
                "allow_classic_link_to_remote_vpc": false,
                "allow_remote_vpc_dns_resolution": true,
                "allow_vpc_to_remote_classic_link": false
              }
            ],
            "auto_accept": true,
            "id": "pcx-08db4e68d82c25d06",
            "peer_owner_id": "639043009224",
            "peer_region": "eu-central-1",
            "peer_vpc_id": "vpc-053bf72ab72f2a168",
            "requester": [
              {
                "allow_classic_link_to_remote_vpc": false,
                "allow_remote_vpc_dns_resolution": true,
                "allow_vpc_to_remote_classic_link": false
              }
            ],
            "tags": {
              "Name": "VPC Peering between Load Balancers and Web nodes"
            },
            "tags_all": {
              "Name": "VPC Peering between Load Balancers and Web nodes"
            },
            "timeouts": null,
            "vpc_id": "vpc-05736db1a0167803c"
          },
          "sensitive_attributes": [],
          "private": "eyJlMmJmYjczMC1lY2FhLTExZTYtOGY4OC0zNDM2M2JjN2M0YzAiOnsiY3JlYXRlIjo2MDAwMDAwMDAwMCwiZGVsZXRlIjo2MDAwMDAwMDAwMCwidXBkYXRlIjo2MDAwMDAwMDAwMH19",
          "dependencies": [
            "aws_vpc.VPC-AppServers",
            "aws_vpc.VPC-LB"
          ]
        }
      ]
    },
    {
      "mode": "managed",
      "type": "aws_vpc_peering_connection",
      "name": "VPC2-3",
      "provider": "provider[\"registry.terraform.io/hashicorp/aws\"]",
      "instances": [
        {
          "schema_version": 0,
          "attributes": {
            "accept_status": "active",
            "accepter": [
              {
                "allow_classic_link_to_remote_vpc": false,
                "allow_remote_vpc_dns_resolution": true,
                "allow_vpc_to_remote_classic_link": false
              }
            ],
            "auto_accept": true,
            "id": "pcx-0e1379e01e6509d2d",
            "peer_owner_id": "639043009224",
            "peer_region": "eu-central-1",
            "peer_vpc_id": "vpc-053bf72ab72f2a168",
            "requester": [
              {
                "allow_classic_link_to_remote_vpc": false,
                "allow_remote_vpc_dns_resolution": true,
                "allow_vpc_to_remote_classic_link": false
              }
            ],
            "tags": {
              "Name": "VPC Peering between Web nodes and DB nodes"
            },
            "tags_all": {
              "Name": "VPC Peering between Web nodes and DB nodes"
            },
            "timeouts": null,
            "vpc_id": "vpc-0ad49e2c6afd5a746"
          },
          "sensitive_attributes": [],
          "private": "eyJlMmJmYjczMC1lY2FhLTExZTYtOGY4OC0zNDM2M2JjN2M0YzAiOnsiY3JlYXRlIjo2MDAwMDAwMDAwMCwiZGVsZXRlIjo2MDAwMDAwMDAwMCwidXBkYXRlIjo2MDAwMDAwMDAwMH19",
          "dependencies": [
            "aws_vpc.VPC-AppServers",
            "aws_vpc.VPC-DBNodes"
          ]
        }
      ]
    }
  ]
}
