{
  "version": 4,
  "terraform_version": "1.1.9",
  "serial": 5365,
  "lineage": "e8173144-70fc-b69a-37eb-0ffdbe17212b",
  "outputs": {
    "Db_node_public_IPs": {
      "value": [
        "3.64.250.78",
        "18.194.152.38",
        "3.125.17.32"
      ],
      "type": [
        "tuple",
        [
          "string",
          "string",
          "string"
        ]
      ]
    },
    "HAPEE_nodes_public_IPs": {
      "value": [
        "3.70.246.68",
        "18.193.75.6"
      ],
      "type": [
        "tuple",
        [
          "string",
          "string"
        ]
      ]
    },
    "LB_HAPEE_DNS_address": {
      "value": "hapee-test-alb-689449958.eu-central-1.elb.amazonaws.com",
      "type": "string"
    },
    "Web_node_public_IPs": {
      "value": [
        "3.64.217.152",
        "18.159.213.69"
      ],
      "type": [
        "tuple",
        [
          "string",
          "string"
        ]
      ]
    },
    "aws_availability_zones": {
      "value": [
        "eu-central-1a",
        "eu-central-1b",
        "eu-central-1c"
      ],
      "type": [
        "list",
        "string"
      ]
    },
    "data_aws_caller_identity": {
      "value": "639043009224",
      "type": "string"
    },
    "data_aws_regions_name": {
      "value": "eu-central-1",
      "type": "string"
    }
  },
  "resources": [
    {
      "mode": "data",
      "type": "aws_ami",
      "name": "fresh_amazon_linux",
      "provider": "provider[\"registry.terraform.io/hashicorp/aws\"]",
      "instances": [
        {
          "schema_version": 0,
          "attributes": {
            "architecture": "x86_64",
            "arn": "arn:aws:ec2:eu-central-1::image/ami-09439f09c55136ecf",
            "block_device_mappings": [
              {
                "device_name": "/dev/xvda",
                "ebs": {
                  "delete_on_termination": "true",
                  "encrypted": "false",
                  "iops": "0",
                  "snapshot_id": "snap-08686fdd791a3120a",
                  "throughput": "0",
                  "volume_size": "8",
                  "volume_type": "gp2"
                },
                "no_device": "",
                "virtual_name": ""
              }
            ],
            "boot_mode": "",
            "creation_date": "2022-04-28T21:51:17.000Z",
            "deprecation_time": "2024-04-28T21:51:17.000Z",
            "description": "Amazon Linux 2 Kernel 5.10 AMI 2.0.20220426.0 x86_64 HVM gp2",
            "ena_support": true,
            "executable_users": null,
            "filter": [
              {
                "name": "name",
                "values": [
                  "amzn2-ami-kernel-*-x86_64-gp2"
                ]
              }
            ],
            "hypervisor": "xen",
            "id": "ami-09439f09c55136ecf",
            "image_id": "ami-09439f09c55136ecf",
            "image_location": "amazon/amzn2-ami-kernel-5.10-hvm-2.0.20220426.0-x86_64-gp2",
            "image_owner_alias": "amazon",
            "image_type": "machine",
            "kernel_id": "",
            "most_recent": true,
            "name": "amzn2-ami-kernel-5.10-hvm-2.0.20220426.0-x86_64-gp2",
            "name_regex": null,
            "owner_id": "137112412989",
            "owners": [
              "amazon"
            ],
            "platform": "",
            "platform_details": "Linux/UNIX",
            "product_codes": [],
            "public": true,
            "ramdisk_id": "",
            "root_device_name": "/dev/xvda",
            "root_device_type": "ebs",
            "root_snapshot_id": "snap-08686fdd791a3120a",
            "sriov_net_support": "simple",
            "state": "available",
            "state_reason": {
              "code": "UNSET",
              "message": "UNSET"
            },
            "tags": {},
            "tpm_support": "",
            "usage_operation": "RunInstances",
            "virtualization_type": "hvm"
          },
          "sensitive_attributes": []
        }
      ]
    },
    {
      "mode": "data",
      "type": "aws_availability_zones",
      "name": "all",
      "provider": "provider[\"registry.terraform.io/hashicorp/aws\"]",
      "instances": [
        {
          "schema_version": 0,
          "attributes": {
            "all_availability_zones": null,
            "exclude_names": null,
            "exclude_zone_ids": null,
            "filter": null,
            "group_names": [
              "eu-central-1"
            ],
            "id": "eu-central-1",
            "names": [
              "eu-central-1a",
              "eu-central-1b",
              "eu-central-1c"
            ],
            "state": null,
            "zone_ids": [
              "euc1-az2",
              "euc1-az3",
              "euc1-az1"
            ]
          },
          "sensitive_attributes": []
        }
      ]
    },
    {
      "mode": "data",
      "type": "aws_availability_zones",
      "name": "available",
      "provider": "provider[\"registry.terraform.io/hashicorp/aws\"]",
      "instances": [
        {
          "schema_version": 0,
          "attributes": {
            "all_availability_zones": null,
            "exclude_names": null,
            "exclude_zone_ids": null,
            "filter": null,
            "group_names": [
              "eu-central-1"
            ],
            "id": "eu-central-1",
            "names": [
              "eu-central-1a",
              "eu-central-1b",
              "eu-central-1c"
            ],
            "state": null,
            "zone_ids": [
              "euc1-az2",
              "euc1-az3",
              "euc1-az1"
            ]
          },
          "sensitive_attributes": []
        }
      ]
    },
    {
      "mode": "data",
      "type": "aws_caller_identity",
      "name": "current",
      "provider": "provider[\"registry.terraform.io/hashicorp/aws\"]",
      "instances": [
        {
          "schema_version": 0,
          "attributes": {
            "account_id": "639043009224",
            "arn": "arn:aws:iam::639043009224:user/Suman2",
            "id": "639043009224",
            "user_id": "AIDAZJSPOPLEBEL2X42ET"
          },
          "sensitive_attributes": []
        }
      ]
    },
    {
      "mode": "data",
      "type": "aws_region",
      "name": "current",
      "provider": "provider[\"registry.terraform.io/hashicorp/aws\"]",
      "instances": [
        {
          "schema_version": 0,
          "attributes": {
            "description": "Europe (Frankfurt)",
            "endpoint": "ec2.eu-central-1.amazonaws.com",
            "id": "eu-central-1",
            "name": "eu-central-1"
          },
          "sensitive_attributes": []
        }
      ]
    },
    {
      "mode": "data",
      "type": "aws_vpc",
      "name": "foo",
      "provider": "provider[\"registry.terraform.io/hashicorp/aws\"]",
      "instances": [
        {
          "index_key": 0,
          "schema_version": 0,
          "attributes": {
            "arn": "arn:aws:ec2:eu-central-1:639043009224:vpc/vpc-026fa6b2a9153e65b",
            "cidr_block": "172.31.0.0/16",
            "cidr_block_associations": [
              {
                "association_id": "vpc-cidr-assoc-07b594856461ba3ee",
                "cidr_block": "172.31.0.0/16",
                "state": "associated"
              }
            ],
            "default": true,
            "dhcp_options_id": "dopt-096306b9156882a86",
            "enable_dns_hostnames": true,
            "enable_dns_support": true,
            "filter": null,
            "id": "vpc-026fa6b2a9153e65b",
            "instance_tenancy": "default",
            "ipv6_association_id": "",
            "ipv6_cidr_block": "",
            "main_route_table_id": "rtb-0f12407ebdbe3f0a6",
            "owner_id": "639043009224",
            "state": null,
            "tags": {}
          },
          "sensitive_attributes": []
        }
      ]
    },
    {
      "mode": "data",
      "type": "aws_vpcs",
      "name": "foo",
      "provider": "provider[\"registry.terraform.io/hashicorp/aws\"]",
      "instances": [
        {
          "schema_version": 0,
          "attributes": {
            "filter": null,
            "id": "eu-central-1",
            "ids": [
              "vpc-026fa6b2a9153e65b"
            ],
            "tags": null
          },
          "sensitive_attributes": []
        }
      ]
    },
    {
      "mode": "data",
      "type": "template_file",
      "name": "db-userdata",
      "provider": "provider[\"registry.terraform.io/hashicorp/template\"]",
      "instances": [
        {
          "schema_version": 0,
          "attributes": {
            "filename": null,
            "id": "890049e42a208442f86522d82deafa428c832c21e687b47f3833d822c3591820",
            "rendered": "#!/bin/bash\r\nsudo yum -y update\r\nsudo yum -y install httpd jq\r\nsudo yum install amazon-linux-extras -y\r\nsudo yum clean metadata\r\nsudo amazon-linux-extras enable php7.4\r\nsudo amazon-linux-extras install -y php7.4\r\nsudo wget https://wordpress.org/latest.tar.gz\r\nsudo tar xvzf latest.tar.gz -C /var/www/html\r\nsudo chown -R apache:apache /var/www/html\r\nsudo chkconfig httpd on\r\n#sudo systemctl enable httpd\r\nsudo systemctl restart httpd\r\nwget https://raw.githubusercontent.com/mcrucovschii/SmallEnvironment/Development/wp-config.php -O /var/www/html/wordpress/wp-config.php\r\nsudo chown apache:apache /var/www/html/wordpress/wp-config.php\r\ndbhost=10.103.0.74\r\n#sudo sed -i 's/34.220.158.42/10.103.0.74/' /var/www/html/wordpress/wp-config.php\r\nsudo sed -i 's/34.220.158.42/'$dbhost'/' /var/www/html/wordpress/wp-config.php\r\nwget https://raw.githubusercontent.com/mcrucovschii/SmallEnvironment/Development/htaccess-wordpress -O /var/www/html/wordpress/.htaccess\r\nchown apache:apache /var/www/html/wordpress/.htaccess\r\nmyip=`curl http://169.254.169.254/latest/meta-data/local-ipv4`\r\necho \"\u003ch2\u003eWebServer with ip: $myip \u003c/h2\u003e\u003cbr\u003eSmall Environment build by Terraform\" \u003e /var/www/html/index.html\r\n",
            "template": "#!/bin/bash\r\nsudo yum -y update\r\nsudo yum -y install httpd jq\r\nsudo yum install amazon-linux-extras -y\r\nsudo yum clean metadata\r\nsudo amazon-linux-extras enable php7.4\r\nsudo amazon-linux-extras install -y php7.4\r\nsudo wget https://wordpress.org/latest.tar.gz\r\nsudo tar xvzf latest.tar.gz -C /var/www/html\r\nsudo chown -R apache:apache /var/www/html\r\nsudo chkconfig httpd on\r\n#sudo systemctl enable httpd\r\nsudo systemctl restart httpd\r\nwget https://raw.githubusercontent.com/mcrucovschii/SmallEnvironment/Development/wp-config.php -O /var/www/html/wordpress/wp-config.php\r\nsudo chown apache:apache /var/www/html/wordpress/wp-config.php\r\ndbhost=${dbhost}\r\n#sudo sed -i 's/34.220.158.42/${dbhost}/' /var/www/html/wordpress/wp-config.php\r\nsudo sed -i 's/34.220.158.42/'$dbhost'/' /var/www/html/wordpress/wp-config.php\r\nwget https://raw.githubusercontent.com/mcrucovschii/SmallEnvironment/Development/htaccess-wordpress -O /var/www/html/wordpress/.htaccess\r\nchown apache:apache /var/www/html/wordpress/.htaccess\r\nmyip=`curl http://169.254.169.254/latest/meta-data/local-ipv4`\r\necho \"\u003ch2\u003eWebServer with ip: $myip \u003c/h2\u003e\u003cbr\u003eSmall Environment build by Terraform\" \u003e /var/www/html/index.html\r\n",
            "vars": {
              "dbhost": "10.103.0.74"
            }
          },
          "sensitive_attributes": []
        }
      ]
    },
    {
      "mode": "data",
      "type": "template_file",
      "name": "hapee-userdata",
      "provider": "provider[\"registry.terraform.io/hashicorp/template\"]",
      "instances": [
        {
          "schema_version": 0,
          "attributes": {
            "filename": null,
            "id": "be0743a077aff111860d3d1597b9c662e966930238a5697a8a2baaa02d882b63",
            "rendered": "#!/bin/bash\r\nsudo echo \"start\" \u003e /tmp/max-user-data.log\r\nsudo wget https://raw.githubusercontent.com/mcrucovschii/SmallEnvironment/Development/haproxy.sh -O /root/haproxy.sh\r\nsudo cd /root/\r\nsudo bash /root/haproxy.sh\r\nsudo tee /etc/haproxy/haproxy.cfg \u003c\u003cEOF\r\nglobal\r\n   log /dev/log local0\r\n   log /dev/log local1 debug\r\n   chroot /var/lib/haproxy\r\n   stats timeout 30s\r\n   user haproxy\r\n   group haproxy\r\n   daemon\r\ndefaults\r\n   log global\r\n   mode http\r\n   option httplog\r\n   option dontlognull\r\n   timeout connect 5000\r\n   timeout client 50000\r\n   timeout server 50000\r\nfrontend http_front\r\n   bind *:80\r\n   stats uri /haproxy?stats\r\n   default_backend http_back\r\nbackend http_back\r\n   balance roundrobin\r\n    server app-i-022fdde00e20e2d93 10.102.0.9:80 cookie app-i-022fdde00e20e2d93 check\n    server app-i-0ca10ca8bfb0f3dc1 10.102.1.213:80 cookie app-i-0ca10ca8bfb0f3dc1 check\r\nEOF\r\nsudo chmod 644 /etc/haproxy/haproxy.cfg\r\nsudo systemctl restart haproxy\r\n",
            "template": "#!/bin/bash\r\nsudo echo \"start\" \u003e /tmp/max-user-data.log\r\nsudo wget https://raw.githubusercontent.com/mcrucovschii/SmallEnvironment/Development/haproxy.sh -O /root/haproxy.sh\r\nsudo cd /root/\r\nsudo bash /root/haproxy.sh\r\nsudo tee /etc/haproxy/haproxy.cfg \u003c\u003cEOF\r\nglobal\r\n   log /dev/log local0\r\n   log /dev/log local1 debug\r\n   chroot /var/lib/haproxy\r\n   stats timeout 30s\r\n   user haproxy\r\n   group haproxy\r\n   daemon\r\ndefaults\r\n   log global\r\n   mode http\r\n   option httplog\r\n   option dontlognull\r\n   timeout connect 5000\r\n   timeout client 50000\r\n   timeout server 50000\r\nfrontend http_front\r\n   bind *:80\r\n   stats uri /haproxy?stats\r\n   default_backend http_back\r\nbackend http_back\r\n   balance roundrobin\r\n${serverlist}\r\nEOF\r\nsudo chmod 644 /etc/haproxy/haproxy.cfg\r\nsudo systemctl restart haproxy\r\n",
            "vars": {
              "serverlist": "    server app-i-022fdde00e20e2d93 10.102.0.9:80 cookie app-i-022fdde00e20e2d93 check\n    server app-i-0ca10ca8bfb0f3dc1 10.102.1.213:80 cookie app-i-0ca10ca8bfb0f3dc1 check"
            }
          },
          "sensitive_attributes": []
        }
      ]
    },
    {
      "mode": "managed",
      "type": "aws_default_vpc",
      "name": "default",
      "provider": "provider[\"registry.terraform.io/hashicorp/aws\"]",
      "instances": [
        {
          "schema_version": 1,
          "attributes": {
            "arn": "arn:aws:ec2:eu-central-1:639043009224:vpc/vpc-026fa6b2a9153e65b",
            "assign_generated_ipv6_cidr_block": false,
            "cidr_block": "172.31.0.0/16",
            "default_network_acl_id": "acl-00b4f0d1a59081f78",
            "default_route_table_id": "rtb-0f12407ebdbe3f0a6",
            "default_security_group_id": "sg-0823f2fd73a083ec1",
            "dhcp_options_id": "dopt-096306b9156882a86",
            "enable_classiclink": false,
            "enable_classiclink_dns_support": false,
            "enable_dns_hostnames": true,
            "enable_dns_support": true,
            "existing_default_vpc": true,
            "force_destroy": false,
            "id": "vpc-026fa6b2a9153e65b",
            "instance_tenancy": "default",
            "ipv6_association_id": "",
            "ipv6_cidr_block": "",
            "ipv6_cidr_block_network_border_group": "",
            "ipv6_ipam_pool_id": "",
            "ipv6_netmask_length": 0,
            "main_route_table_id": "rtb-0f12407ebdbe3f0a6",
            "owner_id": "639043009224",
            "tags": null,
            "tags_all": {}
          },
          "sensitive_attributes": [],
          "private": "eyJzY2hlbWFfdmVyc2lvbiI6IjEifQ=="
        }
      ]
    },
    {
      "mode": "managed",
      "type": "aws_instance",
      "name": "db_node",
      "provider": "provider[\"registry.terraform.io/hashicorp/aws\"]",
      "instances": [
        {
          "index_key": 0,
          "schema_version": 1,
          "attributes": {
            "ami": "ami-09439f09c55136ecf",
            "arn": "arn:aws:ec2:eu-central-1:639043009224:instance/i-00e38c5afbc5dad17",
            "associate_public_ip_address": true,
            "availability_zone": "eu-central-1a",
            "capacity_reservation_specification": [
              {
                "capacity_reservation_preference": "open",
                "capacity_reservation_target": []
              }
            ],
            "cpu_core_count": 1,
            "cpu_threads_per_core": 1,
            "credit_specification": [
              {
                "cpu_credits": "standard"
              }
            ],
            "disable_api_termination": false,
            "ebs_block_device": [],
            "ebs_optimized": false,
            "enclave_options": [
              {
                "enabled": false
              }
            ],
            "ephemeral_block_device": [],
            "get_password_data": false,
            "hibernation": false,
            "host_id": null,
            "iam_instance_profile": "",
            "id": "i-00e38c5afbc5dad17",
            "instance_initiated_shutdown_behavior": "stop",
            "instance_state": "running",
            "instance_type": "t2.micro",
            "ipv6_address_count": 0,
            "ipv6_addresses": [],
            "key_name": "MaxKeyPair",
            "launch_template": [],
            "maintenance_options": [
              {
                "auto_recovery": "default"
              }
            ],
            "metadata_options": [
              {
                "http_endpoint": "enabled",
                "http_put_response_hop_limit": 1,
                "http_tokens": "optional",
                "instance_metadata_tags": "disabled"
              }
            ],
            "monitoring": false,
            "network_interface": [],
            "outpost_arn": "",
            "password_data": "",
            "placement_group": "",
            "placement_partition_number": null,
            "primary_network_interface_id": "eni-0ddc5e58088c67ab0",
            "private_dns": "ip-10-103-0-74.eu-central-1.compute.internal",
            "private_ip": "10.103.0.74",
            "public_dns": "ec2-3-64-250-78.eu-central-1.compute.amazonaws.com",
            "public_ip": "3.64.250.78",
            "root_block_device": [
              {
                "delete_on_termination": true,
                "device_name": "/dev/xvda",
                "encrypted": false,
                "iops": 100,
                "kms_key_id": "",
                "tags": {},
                "throughput": 0,
                "volume_id": "vol-0005d3c8b2c6d56f5",
                "volume_size": 8,
                "volume_type": "gp2"
              }
            ],
            "secondary_private_ips": [],
            "security_groups": [],
            "source_dest_check": true,
            "subnet_id": "subnet-07b43373ed23e8ca2",
            "tags": {
              "Name": "db_node_0"
            },
            "tags_all": {
              "Name": "db_node_0"
            },
            "tenancy": "default",
            "timeouts": null,
            "user_data": "e2a33fb4a9d9e9bf4b913787240b1d5e316d8878",
            "user_data_base64": null,
            "user_data_replace_on_change": false,
            "volume_tags": null,
            "vpc_security_group_ids": [
              "sg-0bdf2fe22abfd4d2f"
            ]
          },
          "sensitive_attributes": [],
          "private": "eyJlMmJmYjczMC1lY2FhLTExZTYtOGY4OC0zNDM2M2JjN2M0YzAiOnsiY3JlYXRlIjo2MDAwMDAwMDAwMDAsImRlbGV0ZSI6MTIwMDAwMDAwMDAwMCwidXBkYXRlIjo2MDAwMDAwMDAwMDB9LCJzY2hlbWFfdmVyc2lvbiI6IjEifQ==",
          "dependencies": [
            "aws_security_group.dbnode_sg",
            "aws_subnet.PrivateSubnetDBNodes",
            "aws_vpc.VPC-DBNodes",
            "data.aws_ami.fresh_amazon_linux",
            "data.aws_availability_zones.all"
          ]
        },
        {
          "index_key": 1,
          "schema_version": 1,
          "attributes": {
            "ami": "ami-09439f09c55136ecf",
            "arn": "arn:aws:ec2:eu-central-1:639043009224:instance/i-01911613d6465a8a8",
            "associate_public_ip_address": true,
            "availability_zone": "eu-central-1b",
            "capacity_reservation_specification": [
              {
                "capacity_reservation_preference": "open",
                "capacity_reservation_target": []
              }
            ],
            "cpu_core_count": 1,
            "cpu_threads_per_core": 1,
            "credit_specification": [
              {
                "cpu_credits": "standard"
              }
            ],
            "disable_api_termination": false,
            "ebs_block_device": [],
            "ebs_optimized": false,
            "enclave_options": [
              {
                "enabled": false
              }
            ],
            "ephemeral_block_device": [],
            "get_password_data": false,
            "hibernation": false,
            "host_id": null,
            "iam_instance_profile": "",
            "id": "i-01911613d6465a8a8",
            "instance_initiated_shutdown_behavior": "stop",
            "instance_state": "running",
            "instance_type": "t2.micro",
            "ipv6_address_count": 0,
            "ipv6_addresses": [],
            "key_name": "MaxKeyPair",
            "launch_template": [],
            "maintenance_options": [
              {
                "auto_recovery": "default"
              }
            ],
            "metadata_options": [
              {
                "http_endpoint": "enabled",
                "http_put_response_hop_limit": 1,
                "http_tokens": "optional",
                "instance_metadata_tags": "disabled"
              }
            ],
            "monitoring": false,
            "network_interface": [],
            "outpost_arn": "",
            "password_data": "",
            "placement_group": "",
            "placement_partition_number": null,
            "primary_network_interface_id": "eni-0d753e16ff9bc9588",
            "private_dns": "ip-10-103-1-209.eu-central-1.compute.internal",
            "private_ip": "10.103.1.209",
            "public_dns": "ec2-18-194-152-38.eu-central-1.compute.amazonaws.com",
            "public_ip": "18.194.152.38",
            "root_block_device": [
              {
                "delete_on_termination": true,
                "device_name": "/dev/xvda",
                "encrypted": false,
                "iops": 100,
                "kms_key_id": "",
                "tags": {},
                "throughput": 0,
                "volume_id": "vol-03d7413e4587c5381",
                "volume_size": 8,
                "volume_type": "gp2"
              }
            ],
            "secondary_private_ips": [],
            "security_groups": [],
            "source_dest_check": true,
            "subnet_id": "subnet-01ee38dba1fc57685",
            "tags": {
              "Name": "db_node_1"
            },
            "tags_all": {
              "Name": "db_node_1"
            },
            "tenancy": "default",
            "timeouts": null,
            "user_data": "e2a33fb4a9d9e9bf4b913787240b1d5e316d8878",
            "user_data_base64": null,
            "user_data_replace_on_change": false,
            "volume_tags": null,
            "vpc_security_group_ids": [
              "sg-0bdf2fe22abfd4d2f"
            ]
          },
          "sensitive_attributes": [],
          "private": "eyJlMmJmYjczMC1lY2FhLTExZTYtOGY4OC0zNDM2M2JjN2M0YzAiOnsiY3JlYXRlIjo2MDAwMDAwMDAwMDAsImRlbGV0ZSI6MTIwMDAwMDAwMDAwMCwidXBkYXRlIjo2MDAwMDAwMDAwMDB9LCJzY2hlbWFfdmVyc2lvbiI6IjEifQ==",
          "dependencies": [
            "aws_security_group.dbnode_sg",
            "aws_subnet.PrivateSubnetDBNodes",
            "aws_vpc.VPC-DBNodes",
            "data.aws_ami.fresh_amazon_linux",
            "data.aws_availability_zones.all"
          ]
        },
        {
          "index_key": 2,
          "schema_version": 1,
          "attributes": {
            "ami": "ami-09439f09c55136ecf",
            "arn": "arn:aws:ec2:eu-central-1:639043009224:instance/i-06f8625a3bd00f271",
            "associate_public_ip_address": true,
            "availability_zone": "eu-central-1a",
            "capacity_reservation_specification": [
              {
                "capacity_reservation_preference": "open",
                "capacity_reservation_target": []
              }
            ],
            "cpu_core_count": 1,
            "cpu_threads_per_core": 1,
            "credit_specification": [
              {
                "cpu_credits": "standard"
              }
            ],
            "disable_api_termination": false,
            "ebs_block_device": [],
            "ebs_optimized": false,
            "enclave_options": [
              {
                "enabled": false
              }
            ],
            "ephemeral_block_device": [],
            "get_password_data": false,
            "hibernation": false,
            "host_id": null,
            "iam_instance_profile": "",
            "id": "i-06f8625a3bd00f271",
            "instance_initiated_shutdown_behavior": "stop",
            "instance_state": "running",
            "instance_type": "t2.micro",
            "ipv6_address_count": 0,
            "ipv6_addresses": [],
            "key_name": "MaxKeyPair",
            "launch_template": [],
            "maintenance_options": [
              {
                "auto_recovery": "default"
              }
            ],
            "metadata_options": [
              {
                "http_endpoint": "enabled",
                "http_put_response_hop_limit": 1,
                "http_tokens": "optional",
                "instance_metadata_tags": "disabled"
              }
            ],
            "monitoring": false,
            "network_interface": [],
            "outpost_arn": "",
            "password_data": "",
            "placement_group": "",
            "placement_partition_number": null,
            "primary_network_interface_id": "eni-0b28d84cf00c07f5c",
            "private_dns": "ip-10-103-0-160.eu-central-1.compute.internal",
            "private_ip": "10.103.0.160",
            "public_dns": "ec2-3-125-17-32.eu-central-1.compute.amazonaws.com",
            "public_ip": "3.125.17.32",
            "root_block_device": [
              {
                "delete_on_termination": true,
                "device_name": "/dev/xvda",
                "encrypted": false,
                "iops": 100,
                "kms_key_id": "",
                "tags": {},
                "throughput": 0,
                "volume_id": "vol-0c2b2b382c1eef1b2",
                "volume_size": 8,
                "volume_type": "gp2"
              }
            ],
            "secondary_private_ips": [],
            "security_groups": [],
            "source_dest_check": true,
            "subnet_id": "subnet-07b43373ed23e8ca2",
            "tags": {
              "Name": "db_node_2"
            },
            "tags_all": {
              "Name": "db_node_2"
            },
            "tenancy": "default",
            "timeouts": null,
            "user_data": "e2a33fb4a9d9e9bf4b913787240b1d5e316d8878",
            "user_data_base64": null,
            "user_data_replace_on_change": false,
            "volume_tags": null,
            "vpc_security_group_ids": [
              "sg-0bdf2fe22abfd4d2f"
            ]
          },
          "sensitive_attributes": [],
          "private": "eyJlMmJmYjczMC1lY2FhLTExZTYtOGY4OC0zNDM2M2JjN2M0YzAiOnsiY3JlYXRlIjo2MDAwMDAwMDAwMDAsImRlbGV0ZSI6MTIwMDAwMDAwMDAwMCwidXBkYXRlIjo2MDAwMDAwMDAwMDB9LCJzY2hlbWFfdmVyc2lvbiI6IjEifQ==",
          "dependencies": [
            "aws_security_group.dbnode_sg",
            "aws_subnet.PrivateSubnetDBNodes",
            "aws_vpc.VPC-DBNodes",
            "data.aws_ami.fresh_amazon_linux",
            "data.aws_availability_zones.all"
          ]
        }
      ]
    },
    {
      "mode": "managed",
      "type": "aws_instance",
      "name": "hapee_node",
      "provider": "provider[\"registry.terraform.io/hashicorp/aws\"]",
      "instances": [
        {
          "index_key": 0,
          "schema_version": 1,
          "attributes": {
            "ami": "ami-09439f09c55136ecf",
            "arn": "arn:aws:ec2:eu-central-1:639043009224:instance/i-06636000cc6af481e",
            "associate_public_ip_address": true,
            "availability_zone": "eu-central-1a",
            "capacity_reservation_specification": [
              {
                "capacity_reservation_preference": "open",
                "capacity_reservation_target": []
              }
            ],
            "cpu_core_count": 1,
            "cpu_threads_per_core": 1,
            "credit_specification": [
              {
                "cpu_credits": "standard"
              }
            ],
            "disable_api_termination": false,
            "ebs_block_device": [],
            "ebs_optimized": false,
            "enclave_options": [
              {
                "enabled": false
              }
            ],
            "ephemeral_block_device": [],
            "get_password_data": false,
            "hibernation": false,
            "host_id": null,
            "iam_instance_profile": "",
            "id": "i-06636000cc6af481e",
            "instance_initiated_shutdown_behavior": "stop",
            "instance_state": "running",
            "instance_type": "t2.micro",
            "ipv6_address_count": 0,
            "ipv6_addresses": [],
            "key_name": "MaxKeyPair",
            "launch_template": [],
            "maintenance_options": [
              {
                "auto_recovery": "default"
              }
            ],
            "metadata_options": [
              {
                "http_endpoint": "enabled",
                "http_put_response_hop_limit": 1,
                "http_tokens": "optional",
                "instance_metadata_tags": "disabled"
              }
            ],
            "monitoring": false,
            "network_interface": [],
            "outpost_arn": "",
            "password_data": "",
            "placement_group": "",
            "placement_partition_number": null,
            "primary_network_interface_id": "eni-0c50bf9a1449f58e5",
            "private_dns": "ip-10-101-0-93.eu-central-1.compute.internal",
            "private_ip": "10.101.0.93",
            "public_dns": "ec2-3-70-246-68.eu-central-1.compute.amazonaws.com",
            "public_ip": "3.70.246.68",
            "root_block_device": [
              {
                "delete_on_termination": true,
                "device_name": "/dev/xvda",
                "encrypted": false,
                "iops": 100,
                "kms_key_id": "",
                "tags": {},
                "throughput": 0,
                "volume_id": "vol-08435bceb2e402966",
                "volume_size": 8,
                "volume_type": "gp2"
              }
            ],
            "secondary_private_ips": [],
            "security_groups": [],
            "source_dest_check": true,
            "subnet_id": "subnet-04320dfd37c1a37b8",
            "tags": {
              "Name": "hapee_node_0"
            },
            "tags_all": {
              "Name": "hapee_node_0"
            },
            "tenancy": "default",
            "timeouts": null,
            "user_data": "f914d5d8a0b519c521e45866c756bb93d06aa44f",
            "user_data_base64": null,
            "user_data_replace_on_change": false,
            "volume_tags": null,
            "vpc_security_group_ids": [
              "sg-0c4df91166e1dc7c9"
            ]
          },
          "sensitive_attributes": [],
          "private": "eyJlMmJmYjczMC1lY2FhLTExZTYtOGY4OC0zNDM2M2JjN2M0YzAiOnsiY3JlYXRlIjo2MDAwMDAwMDAwMDAsImRlbGV0ZSI6MTIwMDAwMDAwMDAwMCwidXBkYXRlIjo2MDAwMDAwMDAwMDB9LCJzY2hlbWFfdmVyc2lvbiI6IjEifQ==",
          "dependencies": [
            "aws_instance.db_node",
            "aws_instance.web_node",
            "aws_security_group.app_sg",
            "aws_security_group.dbnode_sg",
            "aws_security_group.lb_sg",
            "aws_subnet.PrivateSubnetAppServers",
            "aws_subnet.PrivateSubnetDBNodes",
            "aws_subnet.PublicSubnetLB",
            "aws_vpc.VPC-AppServers",
            "aws_vpc.VPC-DBNodes",
            "aws_vpc.VPC-LB",
            "data.aws_ami.fresh_amazon_linux",
            "data.aws_availability_zones.all",
            "data.template_file.db-userdata",
            "data.template_file.hapee-userdata"
          ]
        },
        {
          "index_key": 1,
          "schema_version": 1,
          "attributes": {
            "ami": "ami-09439f09c55136ecf",
            "arn": "arn:aws:ec2:eu-central-1:639043009224:instance/i-0560cccf6a18b6796",
            "associate_public_ip_address": true,
            "availability_zone": "eu-central-1b",
            "capacity_reservation_specification": [
              {
                "capacity_reservation_preference": "open",
                "capacity_reservation_target": []
              }
            ],
            "cpu_core_count": 1,
            "cpu_threads_per_core": 1,
            "credit_specification": [
              {
                "cpu_credits": "standard"
              }
            ],
            "disable_api_termination": false,
            "ebs_block_device": [],
            "ebs_optimized": false,
            "enclave_options": [
              {
                "enabled": false
              }
            ],
            "ephemeral_block_device": [],
            "get_password_data": false,
            "hibernation": false,
            "host_id": null,
            "iam_instance_profile": "",
            "id": "i-0560cccf6a18b6796",
            "instance_initiated_shutdown_behavior": "stop",
            "instance_state": "running",
            "instance_type": "t2.micro",
            "ipv6_address_count": 0,
            "ipv6_addresses": [],
            "key_name": "MaxKeyPair",
            "launch_template": [],
            "maintenance_options": [
              {
                "auto_recovery": "default"
              }
            ],
            "metadata_options": [
              {
                "http_endpoint": "enabled",
                "http_put_response_hop_limit": 1,
                "http_tokens": "optional",
                "instance_metadata_tags": "disabled"
              }
            ],
            "monitoring": false,
            "network_interface": [],
            "outpost_arn": "",
            "password_data": "",
            "placement_group": "",
            "placement_partition_number": null,
            "primary_network_interface_id": "eni-0909ea3d5eefcf372",
            "private_dns": "ip-10-101-1-240.eu-central-1.compute.internal",
            "private_ip": "10.101.1.240",
            "public_dns": "ec2-18-193-75-6.eu-central-1.compute.amazonaws.com",
            "public_ip": "18.193.75.6",
            "root_block_device": [
              {
                "delete_on_termination": true,
                "device_name": "/dev/xvda",
                "encrypted": false,
                "iops": 100,
                "kms_key_id": "",
                "tags": {},
                "throughput": 0,
                "volume_id": "vol-0636474646d8cc770",
                "volume_size": 8,
                "volume_type": "gp2"
              }
            ],
            "secondary_private_ips": [],
            "security_groups": [],
            "source_dest_check": true,
            "subnet_id": "subnet-02de2785f8827329f",
            "tags": {
              "Name": "hapee_node_1"
            },
            "tags_all": {
              "Name": "hapee_node_1"
            },
            "tenancy": "default",
            "timeouts": null,
            "user_data": "f914d5d8a0b519c521e45866c756bb93d06aa44f",
            "user_data_base64": null,
            "user_data_replace_on_change": false,
            "volume_tags": null,
            "vpc_security_group_ids": [
              "sg-0c4df91166e1dc7c9"
            ]
          },
          "sensitive_attributes": [],
          "private": "eyJlMmJmYjczMC1lY2FhLTExZTYtOGY4OC0zNDM2M2JjN2M0YzAiOnsiY3JlYXRlIjo2MDAwMDAwMDAwMDAsImRlbGV0ZSI6MTIwMDAwMDAwMDAwMCwidXBkYXRlIjo2MDAwMDAwMDAwMDB9LCJzY2hlbWFfdmVyc2lvbiI6IjEifQ==",
          "dependencies": [
            "aws_instance.db_node",
            "aws_instance.web_node",
            "aws_security_group.app_sg",
            "aws_security_group.dbnode_sg",
            "aws_security_group.lb_sg",
            "aws_subnet.PrivateSubnetAppServers",
            "aws_subnet.PrivateSubnetDBNodes",
            "aws_subnet.PublicSubnetLB",
            "aws_vpc.VPC-AppServers",
            "aws_vpc.VPC-DBNodes",
            "aws_vpc.VPC-LB",
            "data.aws_ami.fresh_amazon_linux",
            "data.aws_availability_zones.all",
            "data.template_file.db-userdata",
            "data.template_file.hapee-userdata"
          ]
        }
      ]
    },
    {
      "mode": "managed",
      "type": "aws_instance",
      "name": "web_node",
      "provider": "provider[\"registry.terraform.io/hashicorp/aws\"]",
      "instances": [
        {
          "index_key": 0,
          "schema_version": 1,
          "attributes": {
            "ami": "ami-09439f09c55136ecf",
            "arn": "arn:aws:ec2:eu-central-1:639043009224:instance/i-022fdde00e20e2d93",
            "associate_public_ip_address": true,
            "availability_zone": "eu-central-1a",
            "capacity_reservation_specification": [
              {
                "capacity_reservation_preference": "open",
                "capacity_reservation_target": []
              }
            ],
            "cpu_core_count": 1,
            "cpu_threads_per_core": 1,
            "credit_specification": [
              {
                "cpu_credits": "standard"
              }
            ],
            "disable_api_termination": false,
            "ebs_block_device": [],
            "ebs_optimized": false,
            "enclave_options": [
              {
                "enabled": false
              }
            ],
            "ephemeral_block_device": [],
            "get_password_data": false,
            "hibernation": false,
            "host_id": null,
            "iam_instance_profile": "",
            "id": "i-022fdde00e20e2d93",
            "instance_initiated_shutdown_behavior": "stop",
            "instance_state": "running",
            "instance_type": "t2.micro",
            "ipv6_address_count": 0,
            "ipv6_addresses": [],
            "key_name": "MaxKeyPair",
            "launch_template": [],
            "maintenance_options": [
              {
                "auto_recovery": "default"
              }
            ],
            "metadata_options": [
              {
                "http_endpoint": "enabled",
                "http_put_response_hop_limit": 1,
                "http_tokens": "optional",
                "instance_metadata_tags": "disabled"
              }
            ],
            "monitoring": false,
            "network_interface": [],
            "outpost_arn": "",
            "password_data": "",
            "placement_group": "",
            "placement_partition_number": null,
            "primary_network_interface_id": "eni-0a279405e6b2051a8",
            "private_dns": "ip-10-102-0-9.eu-central-1.compute.internal",
            "private_ip": "10.102.0.9",
            "public_dns": "ec2-3-64-217-152.eu-central-1.compute.amazonaws.com",
            "public_ip": "3.64.217.152",
            "root_block_device": [
              {
                "delete_on_termination": true,
                "device_name": "/dev/xvda",
                "encrypted": false,
                "iops": 100,
                "kms_key_id": "",
                "tags": {},
                "throughput": 0,
                "volume_id": "vol-0c3f3550ebb43f46e",
                "volume_size": 8,
                "volume_type": "gp2"
              }
            ],
            "secondary_private_ips": [],
            "security_groups": [],
            "source_dest_check": true,
            "subnet_id": "subnet-0259666234f0aa193",
            "tags": {
              "Name": "web_node_0"
            },
            "tags_all": {
              "Name": "web_node_0"
            },
            "tenancy": "default",
            "timeouts": null,
            "user_data": "0d4135223ac41e272e15e65d6ff733a7159d33c8",
            "user_data_base64": null,
            "user_data_replace_on_change": false,
            "volume_tags": null,
            "vpc_security_group_ids": [
              "sg-052c31765b26c8543"
            ]
          },
          "sensitive_attributes": [],
          "private": "eyJlMmJmYjczMC1lY2FhLTExZTYtOGY4OC0zNDM2M2JjN2M0YzAiOnsiY3JlYXRlIjo2MDAwMDAwMDAwMDAsImRlbGV0ZSI6MTIwMDAwMDAwMDAwMCwidXBkYXRlIjo2MDAwMDAwMDAwMDB9LCJzY2hlbWFfdmVyc2lvbiI6IjEifQ==",
          "dependencies": [
            "aws_instance.db_node",
            "aws_security_group.app_sg",
            "aws_security_group.dbnode_sg",
            "aws_subnet.PrivateSubnetAppServers",
            "aws_subnet.PrivateSubnetDBNodes",
            "aws_vpc.VPC-AppServers",
            "aws_vpc.VPC-DBNodes",
            "data.aws_ami.fresh_amazon_linux",
            "data.aws_availability_zones.all",
            "data.template_file.db-userdata"
          ]
        },
        {
          "index_key": 1,
          "schema_version": 1,
          "attributes": {
            "ami": "ami-09439f09c55136ecf",
            "arn": "arn:aws:ec2:eu-central-1:639043009224:instance/i-0ca10ca8bfb0f3dc1",
            "associate_public_ip_address": true,
            "availability_zone": "eu-central-1b",
            "capacity_reservation_specification": [
              {
                "capacity_reservation_preference": "open",
                "capacity_reservation_target": []
              }
            ],
            "cpu_core_count": 1,
            "cpu_threads_per_core": 1,
            "credit_specification": [
              {
                "cpu_credits": "standard"
              }
            ],
            "disable_api_termination": false,
            "ebs_block_device": [],
            "ebs_optimized": false,
            "enclave_options": [
              {
                "enabled": false
              }
            ],
            "ephemeral_block_device": [],
            "get_password_data": false,
            "hibernation": false,
            "host_id": null,
            "iam_instance_profile": "",
            "id": "i-0ca10ca8bfb0f3dc1",
            "instance_initiated_shutdown_behavior": "stop",
            "instance_state": "running",
            "instance_type": "t2.micro",
            "ipv6_address_count": 0,
            "ipv6_addresses": [],
            "key_name": "MaxKeyPair",
            "launch_template": [],
            "maintenance_options": [
              {
                "auto_recovery": "default"
              }
            ],
            "metadata_options": [
              {
                "http_endpoint": "enabled",
                "http_put_response_hop_limit": 1,
                "http_tokens": "optional",
                "instance_metadata_tags": "disabled"
              }
            ],
            "monitoring": false,
            "network_interface": [],
            "outpost_arn": "",
            "password_data": "",
            "placement_group": "",
            "placement_partition_number": null,
            "primary_network_interface_id": "eni-0e5355316062239bf",
            "private_dns": "ip-10-102-1-213.eu-central-1.compute.internal",
            "private_ip": "10.102.1.213",
            "public_dns": "ec2-18-159-213-69.eu-central-1.compute.amazonaws.com",
            "public_ip": "18.159.213.69",
            "root_block_device": [
              {
                "delete_on_termination": true,
                "device_name": "/dev/xvda",
                "encrypted": false,
                "iops": 100,
                "kms_key_id": "",
                "tags": {},
                "throughput": 0,
                "volume_id": "vol-021e11607f446079e",
                "volume_size": 8,
                "volume_type": "gp2"
              }
            ],
            "secondary_private_ips": [],
            "security_groups": [],
            "source_dest_check": true,
            "subnet_id": "subnet-0af399534f5c125a3",
            "tags": {
              "Name": "web_node_1"
            },
            "tags_all": {
              "Name": "web_node_1"
            },
            "tenancy": "default",
            "timeouts": null,
            "user_data": "0d4135223ac41e272e15e65d6ff733a7159d33c8",
            "user_data_base64": null,
            "user_data_replace_on_change": false,
            "volume_tags": null,
            "vpc_security_group_ids": [
              "sg-052c31765b26c8543"
            ]
          },
          "sensitive_attributes": [],
          "private": "eyJlMmJmYjczMC1lY2FhLTExZTYtOGY4OC0zNDM2M2JjN2M0YzAiOnsiY3JlYXRlIjo2MDAwMDAwMDAwMDAsImRlbGV0ZSI6MTIwMDAwMDAwMDAwMCwidXBkYXRlIjo2MDAwMDAwMDAwMDB9LCJzY2hlbWFfdmVyc2lvbiI6IjEifQ==",
          "dependencies": [
            "aws_instance.db_node",
            "aws_security_group.app_sg",
            "aws_security_group.dbnode_sg",
            "aws_subnet.PrivateSubnetAppServers",
            "aws_subnet.PrivateSubnetDBNodes",
            "aws_vpc.VPC-AppServers",
            "aws_vpc.VPC-DBNodes",
            "data.aws_ami.fresh_amazon_linux",
            "data.aws_availability_zones.all",
            "data.template_file.db-userdata"
          ]
        }
      ]
    },
    {
      "mode": "managed",
      "type": "aws_internet_gateway",
      "name": "gw",
      "provider": "provider[\"registry.terraform.io/hashicorp/aws\"]",
      "instances": [
        {
          "schema_version": 0,
          "attributes": {
            "arn": "arn:aws:ec2:eu-central-1:639043009224:internet-gateway/igw-0cfb440e2f8387308",
            "id": "igw-0cfb440e2f8387308",
            "owner_id": "639043009224",
            "tags": null,
            "tags_all": {},
            "vpc_id": "vpc-049f23e50c743983c"
          },
          "sensitive_attributes": [],
          "private": "bnVsbA==",
          "dependencies": [
            "aws_vpc.VPC-LB"
          ]
        }
      ]
    },
    {
      "mode": "managed",
      "type": "aws_internet_gateway",
      "name": "gw2",
      "provider": "provider[\"registry.terraform.io/hashicorp/aws\"]",
      "instances": [
        {
          "schema_version": 0,
          "attributes": {
            "arn": "arn:aws:ec2:eu-central-1:639043009224:internet-gateway/igw-01f625188503f7268",
            "id": "igw-01f625188503f7268",
            "owner_id": "639043009224",
            "tags": null,
            "tags_all": {},
            "vpc_id": "vpc-0a8404b06d6fc91f0"
          },
          "sensitive_attributes": [],
          "private": "bnVsbA==",
          "dependencies": [
            "aws_vpc.VPC-AppServers"
          ]
        }
      ]
    },
    {
      "mode": "managed",
      "type": "aws_internet_gateway",
      "name": "gw3",
      "provider": "provider[\"registry.terraform.io/hashicorp/aws\"]",
      "instances": [
        {
          "schema_version": 0,
          "attributes": {
            "arn": "arn:aws:ec2:eu-central-1:639043009224:internet-gateway/igw-0aa47de4249ba1cee",
            "id": "igw-0aa47de4249ba1cee",
            "owner_id": "639043009224",
            "tags": null,
            "tags_all": {},
            "vpc_id": "vpc-02fe578770dc28d2b"
          },
          "sensitive_attributes": [],
          "private": "bnVsbA==",
          "dependencies": [
            "aws_vpc.VPC-DBNodes"
          ]
        }
      ]
    },
    {
      "mode": "managed",
      "type": "aws_lb",
      "name": "hapee_alb",
      "provider": "provider[\"registry.terraform.io/hashicorp/aws\"]",
      "instances": [
        {
          "schema_version": 0,
          "attributes": {
            "access_logs": [
              {
                "bucket": "",
                "enabled": false,
                "prefix": ""
              }
            ],
            "arn": "arn:aws:elasticloadbalancing:eu-central-1:639043009224:loadbalancer/app/hapee-test-alb/c71177479f56e1c8",
            "arn_suffix": "app/hapee-test-alb/c71177479f56e1c8",
            "customer_owned_ipv4_pool": "",
            "desync_mitigation_mode": "defensive",
            "dns_name": "hapee-test-alb-689449958.eu-central-1.elb.amazonaws.com",
            "drop_invalid_header_fields": false,
            "enable_cross_zone_load_balancing": null,
            "enable_deletion_protection": false,
            "enable_http2": true,
            "enable_waf_fail_open": false,
            "id": "arn:aws:elasticloadbalancing:eu-central-1:639043009224:loadbalancer/app/hapee-test-alb/c71177479f56e1c8",
            "idle_timeout": 60,
            "internal": false,
            "ip_address_type": "ipv4",
            "load_balancer_type": "application",
            "name": "hapee-test-alb",
            "name_prefix": null,
            "security_groups": [
              "sg-06b1280654fce3578"
            ],
            "subnet_mapping": [
              {
                "allocation_id": "",
                "ipv6_address": "",
                "outpost_id": "",
                "private_ipv4_address": "",
                "subnet_id": "subnet-02de2785f8827329f"
              },
              {
                "allocation_id": "",
                "ipv6_address": "",
                "outpost_id": "",
                "private_ipv4_address": "",
                "subnet_id": "subnet-04320dfd37c1a37b8"
              }
            ],
            "subnets": [
              "subnet-02de2785f8827329f",
              "subnet-04320dfd37c1a37b8"
            ],
            "tags": {
              "Name": "hapee_alb"
            },
            "tags_all": {
              "Name": "hapee_alb"
            },
            "timeouts": null,
            "vpc_id": "vpc-049f23e50c743983c",
            "zone_id": "Z215JYRZR1TBD5"
          },
          "sensitive_attributes": [],
          "private": "eyJlMmJmYjczMC1lY2FhLTExZTYtOGY4OC0zNDM2M2JjN2M0YzAiOnsiY3JlYXRlIjo2MDAwMDAwMDAwMDAsImRlbGV0ZSI6NjAwMDAwMDAwMDAwLCJ1cGRhdGUiOjYwMDAwMDAwMDAwMH19",
          "dependencies": [
            "aws_security_group.elb",
            "aws_subnet.PublicSubnetLB",
            "aws_vpc.VPC-LB",
            "data.aws_availability_zones.all"
          ]
        }
      ]
    },
    {
      "mode": "managed",
      "type": "aws_lb_listener",
      "name": "hapee_alb_listener",
      "provider": "provider[\"registry.terraform.io/hashicorp/aws\"]",
      "instances": [
        {
          "schema_version": 0,
          "attributes": {
            "alpn_policy": null,
            "arn": "arn:aws:elasticloadbalancing:eu-central-1:639043009224:listener/app/hapee-test-alb/c71177479f56e1c8/76edc540afae64f7",
            "certificate_arn": null,
            "default_action": [
              {
                "authenticate_cognito": [],
                "authenticate_oidc": [],
                "fixed_response": [],
                "forward": [],
                "order": 1,
                "redirect": [],
                "target_group_arn": "arn:aws:elasticloadbalancing:eu-central-1:639043009224:targetgroup/hapee-test-alb-tg/4b8e757bc0bef481",
                "type": "forward"
              }
            ],
            "id": "arn:aws:elasticloadbalancing:eu-central-1:639043009224:listener/app/hapee-test-alb/c71177479f56e1c8/76edc540afae64f7",
            "load_balancer_arn": "arn:aws:elasticloadbalancing:eu-central-1:639043009224:loadbalancer/app/hapee-test-alb/c71177479f56e1c8",
            "port": 80,
            "protocol": "HTTP",
            "ssl_policy": "",
            "tags": null,
            "tags_all": {},
            "timeouts": null
          },
          "sensitive_attributes": [],
          "private": "eyJlMmJmYjczMC1lY2FhLTExZTYtOGY4OC0zNDM2M2JjN2M0YzAiOnsicmVhZCI6NjAwMDAwMDAwMDAwfX0=",
          "dependencies": [
            "aws_lb.hapee_alb",
            "aws_lb_target_group.hapee_alb_target",
            "aws_security_group.elb",
            "aws_subnet.PublicSubnetLB",
            "aws_vpc.VPC-LB",
            "data.aws_availability_zones.all"
          ]
        }
      ]
    },
    {
      "mode": "managed",
      "type": "aws_lb_target_group",
      "name": "hapee_alb_target",
      "provider": "provider[\"registry.terraform.io/hashicorp/aws\"]",
      "instances": [
        {
          "schema_version": 0,
          "attributes": {
            "arn": "arn:aws:elasticloadbalancing:eu-central-1:639043009224:targetgroup/hapee-test-alb-tg/4b8e757bc0bef481",
            "arn_suffix": "targetgroup/hapee-test-alb-tg/4b8e757bc0bef481",
            "connection_termination": false,
            "deregistration_delay": "300",
            "health_check": [
              {
                "enabled": true,
                "healthy_threshold": 3,
                "interval": 30,
                "matcher": "200,202",
                "path": "/haproxy_status",
                "port": "8080",
                "protocol": "HTTP",
                "timeout": 5,
                "unhealthy_threshold": 3
              }
            ],
            "id": "arn:aws:elasticloadbalancing:eu-central-1:639043009224:targetgroup/hapee-test-alb-tg/4b8e757bc0bef481",
            "lambda_multi_value_headers_enabled": false,
            "load_balancing_algorithm_type": "round_robin",
            "name": "hapee-test-alb-tg",
            "name_prefix": null,
            "port": 80,
            "preserve_client_ip": null,
            "protocol": "HTTP",
            "protocol_version": "HTTP1",
            "proxy_protocol_v2": false,
            "slow_start": 0,
            "stickiness": [
              {
                "cookie_duration": 86400,
                "cookie_name": "",
                "enabled": false,
                "type": "lb_cookie"
              }
            ],
            "tags": {
              "Name": "hapee_alb_tg"
            },
            "tags_all": {
              "Name": "hapee_alb_tg"
            },
            "target_type": "instance",
            "vpc_id": "vpc-049f23e50c743983c"
          },
          "sensitive_attributes": [],
          "private": "bnVsbA==",
          "dependencies": [
            "aws_vpc.VPC-LB"
          ]
        }
      ]
    },
    {
      "mode": "managed",
      "type": "aws_lb_target_group_attachment",
      "name": "hapee_alb_target_att",
      "provider": "provider[\"registry.terraform.io/hashicorp/aws\"]",
      "instances": [
        {
          "index_key": 0,
          "schema_version": 0,
          "attributes": {
            "availability_zone": null,
            "id": "arn:aws:elasticloadbalancing:eu-central-1:639043009224:targetgroup/hapee-test-alb-tg/4b8e757bc0bef481-20220611070640297100000002",
            "port": 80,
            "target_group_arn": "arn:aws:elasticloadbalancing:eu-central-1:639043009224:targetgroup/hapee-test-alb-tg/4b8e757bc0bef481",
            "target_id": "i-06636000cc6af481e"
          },
          "sensitive_attributes": [],
          "private": "bnVsbA==",
          "dependencies": [
            "aws_instance.db_node",
            "aws_instance.hapee_node",
            "aws_instance.web_node",
            "aws_lb_target_group.hapee_alb_target",
            "aws_security_group.app_sg",
            "aws_security_group.dbnode_sg",
            "aws_security_group.lb_sg",
            "aws_subnet.PrivateSubnetAppServers",
            "aws_subnet.PrivateSubnetDBNodes",
            "aws_subnet.PublicSubnetLB",
            "aws_vpc.VPC-AppServers",
            "aws_vpc.VPC-DBNodes",
            "aws_vpc.VPC-LB",
            "data.aws_ami.fresh_amazon_linux",
            "data.aws_availability_zones.all",
            "data.template_file.db-userdata",
            "data.template_file.hapee-userdata"
          ]
        },
        {
          "index_key": 1,
          "schema_version": 0,
          "attributes": {
            "availability_zone": null,
            "id": "arn:aws:elasticloadbalancing:eu-central-1:639043009224:targetgroup/hapee-test-alb-tg/4b8e757bc0bef481-20220611070640914400000004",
            "port": 80,
            "target_group_arn": "arn:aws:elasticloadbalancing:eu-central-1:639043009224:targetgroup/hapee-test-alb-tg/4b8e757bc0bef481",
            "target_id": "i-0560cccf6a18b6796"
          },
          "sensitive_attributes": [],
          "private": "bnVsbA==",
          "dependencies": [
            "aws_instance.db_node",
            "aws_instance.hapee_node",
            "aws_instance.web_node",
            "aws_lb_target_group.hapee_alb_target",
            "aws_security_group.app_sg",
            "aws_security_group.dbnode_sg",
            "aws_security_group.lb_sg",
            "aws_subnet.PrivateSubnetAppServers",
            "aws_subnet.PrivateSubnetDBNodes",
            "aws_subnet.PublicSubnetLB",
            "aws_vpc.VPC-AppServers",
            "aws_vpc.VPC-DBNodes",
            "aws_vpc.VPC-LB",
            "data.aws_ami.fresh_amazon_linux",
            "data.aws_availability_zones.all",
            "data.template_file.db-userdata",
            "data.template_file.hapee-userdata"
          ]
        },
        {
          "index_key": 2,
          "schema_version": 0,
          "attributes": {
            "availability_zone": null,
            "id": "arn:aws:elasticloadbalancing:eu-central-1:639043009224:targetgroup/hapee-test-alb-tg/4b8e757bc0bef481-20220611070640608700000003",
            "port": 80,
            "target_group_arn": "arn:aws:elasticloadbalancing:eu-central-1:639043009224:targetgroup/hapee-test-alb-tg/4b8e757bc0bef481",
            "target_id": "i-06636000cc6af481e"
          },
          "sensitive_attributes": [],
          "private": "bnVsbA==",
          "dependencies": [
            "aws_instance.db_node",
            "aws_instance.hapee_node",
            "aws_instance.web_node",
            "aws_lb_target_group.hapee_alb_target",
            "aws_security_group.app_sg",
            "aws_security_group.dbnode_sg",
            "aws_security_group.lb_sg",
            "aws_subnet.PrivateSubnetAppServers",
            "aws_subnet.PrivateSubnetDBNodes",
            "aws_subnet.PublicSubnetLB",
            "aws_vpc.VPC-AppServers",
            "aws_vpc.VPC-DBNodes",
            "aws_vpc.VPC-LB",
            "data.aws_ami.fresh_amazon_linux",
            "data.aws_availability_zones.all",
            "data.template_file.db-userdata",
            "data.template_file.hapee-userdata"
          ]
        },
        {
          "index_key": 3,
          "schema_version": 0,
          "attributes": {
            "availability_zone": null,
            "id": "arn:aws:elasticloadbalancing:eu-central-1:639043009224:targetgroup/hapee-test-alb-tg/4b8e757bc0bef481-20220611070639987600000001",
            "port": 80,
            "target_group_arn": "arn:aws:elasticloadbalancing:eu-central-1:639043009224:targetgroup/hapee-test-alb-tg/4b8e757bc0bef481",
            "target_id": "i-0560cccf6a18b6796"
          },
          "sensitive_attributes": [],
          "private": "bnVsbA==",
          "dependencies": [
            "aws_instance.db_node",
            "aws_instance.hapee_node",
            "aws_instance.web_node",
            "aws_lb_target_group.hapee_alb_target",
            "aws_security_group.app_sg",
            "aws_security_group.dbnode_sg",
            "aws_security_group.lb_sg",
            "aws_subnet.PrivateSubnetAppServers",
            "aws_subnet.PrivateSubnetDBNodes",
            "aws_subnet.PublicSubnetLB",
            "aws_vpc.VPC-AppServers",
            "aws_vpc.VPC-DBNodes",
            "aws_vpc.VPC-LB",
            "data.aws_ami.fresh_amazon_linux",
            "data.aws_availability_zones.all",
            "data.template_file.db-userdata",
            "data.template_file.hapee-userdata"
          ]
        }
      ]
    },
    {
      "mode": "managed",
      "type": "aws_route_table",
      "name": "r",
      "provider": "provider[\"registry.terraform.io/hashicorp/aws\"]",
      "instances": [
        {
          "schema_version": 0,
          "attributes": {
            "arn": "arn:aws:ec2:eu-central-1:639043009224:route-table/rtb-05158f8143feeadc2",
            "id": "rtb-05158f8143feeadc2",
            "owner_id": "639043009224",
            "propagating_vgws": [],
            "route": [
              {
                "carrier_gateway_id": "",
                "cidr_block": "0.0.0.0/0",
                "core_network_arn": "",
                "destination_prefix_list_id": "",
                "egress_only_gateway_id": "",
                "gateway_id": "igw-0cfb440e2f8387308",
                "instance_id": "",
                "ipv6_cidr_block": "",
                "local_gateway_id": "",
                "nat_gateway_id": "",
                "network_interface_id": "",
                "transit_gateway_id": "",
                "vpc_endpoint_id": "",
                "vpc_peering_connection_id": ""
              },
              {
                "carrier_gateway_id": "",
                "cidr_block": "10.102.0.0/16",
                "core_network_arn": "",
                "destination_prefix_list_id": "",
                "egress_only_gateway_id": "",
                "gateway_id": "pcx-0e31a7d6816025a09",
                "instance_id": "",
                "ipv6_cidr_block": "",
                "local_gateway_id": "",
                "nat_gateway_id": "",
                "network_interface_id": "",
                "transit_gateway_id": "",
                "vpc_endpoint_id": "",
                "vpc_peering_connection_id": ""
              }
            ],
            "tags": {
              "Name": "VPC-LB-RT"
            },
            "tags_all": {
              "Name": "VPC-LB-RT"
            },
            "timeouts": null,
            "vpc_id": "vpc-049f23e50c743983c"
          },
          "sensitive_attributes": [],
          "private": "eyJlMmJmYjczMC1lY2FhLTExZTYtOGY4OC0zNDM2M2JjN2M0YzAiOnsiY3JlYXRlIjozMDAwMDAwMDAwMDAsImRlbGV0ZSI6MzAwMDAwMDAwMDAwLCJ1cGRhdGUiOjEyMDAwMDAwMDAwMH19",
          "dependencies": [
            "aws_internet_gateway.gw",
            "aws_vpc.VPC-AppServers",
            "aws_vpc.VPC-LB",
            "aws_vpc_peering_connection.VPC1-2"
          ]
        }
      ]
    },
    {
      "mode": "managed",
      "type": "aws_route_table",
      "name": "r2",
      "provider": "provider[\"registry.terraform.io/hashicorp/aws\"]",
      "instances": [
        {
          "schema_version": 0,
          "attributes": {
            "arn": "arn:aws:ec2:eu-central-1:639043009224:route-table/rtb-0178e569d73606ee9",
            "id": "rtb-0178e569d73606ee9",
            "owner_id": "639043009224",
            "propagating_vgws": [],
            "route": [
              {
                "carrier_gateway_id": "",
                "cidr_block": "0.0.0.0/0",
                "core_network_arn": "",
                "destination_prefix_list_id": "",
                "egress_only_gateway_id": "",
                "gateway_id": "igw-01f625188503f7268",
                "instance_id": "",
                "ipv6_cidr_block": "",
                "local_gateway_id": "",
                "nat_gateway_id": "",
                "network_interface_id": "",
                "transit_gateway_id": "",
                "vpc_endpoint_id": "",
                "vpc_peering_connection_id": ""
              },
              {
                "carrier_gateway_id": "",
                "cidr_block": "10.101.0.0/16",
                "core_network_arn": "",
                "destination_prefix_list_id": "",
                "egress_only_gateway_id": "",
                "gateway_id": "pcx-0e31a7d6816025a09",
                "instance_id": "",
                "ipv6_cidr_block": "",
                "local_gateway_id": "",
                "nat_gateway_id": "",
                "network_interface_id": "",
                "transit_gateway_id": "",
                "vpc_endpoint_id": "",
                "vpc_peering_connection_id": ""
              },
              {
                "carrier_gateway_id": "",
                "cidr_block": "10.103.0.0/16",
                "core_network_arn": "",
                "destination_prefix_list_id": "",
                "egress_only_gateway_id": "",
                "gateway_id": "pcx-0e5993487aa066bd0",
                "instance_id": "",
                "ipv6_cidr_block": "",
                "local_gateway_id": "",
                "nat_gateway_id": "",
                "network_interface_id": "",
                "transit_gateway_id": "",
                "vpc_endpoint_id": "",
                "vpc_peering_connection_id": ""
              }
            ],
            "tags": {
              "Name": "VPC-App-RT"
            },
            "tags_all": {
              "Name": "VPC-App-RT"
            },
            "timeouts": null,
            "vpc_id": "vpc-0a8404b06d6fc91f0"
          },
          "sensitive_attributes": [],
          "private": "eyJlMmJmYjczMC1lY2FhLTExZTYtOGY4OC0zNDM2M2JjN2M0YzAiOnsiY3JlYXRlIjozMDAwMDAwMDAwMDAsImRlbGV0ZSI6MzAwMDAwMDAwMDAwLCJ1cGRhdGUiOjEyMDAwMDAwMDAwMH19",
          "dependencies": [
            "aws_internet_gateway.gw2",
            "aws_vpc.VPC-AppServers",
            "aws_vpc.VPC-DBNodes",
            "aws_vpc.VPC-LB",
            "aws_vpc_peering_connection.VPC1-2",
            "aws_vpc_peering_connection.VPC2-3"
          ]
        }
      ]
    },
    {
      "mode": "managed",
      "type": "aws_route_table",
      "name": "r3",
      "provider": "provider[\"registry.terraform.io/hashicorp/aws\"]",
      "instances": [
        {
          "schema_version": 0,
          "attributes": {
            "arn": "arn:aws:ec2:eu-central-1:639043009224:route-table/rtb-0748b03cdb2953631",
            "id": "rtb-0748b03cdb2953631",
            "owner_id": "639043009224",
            "propagating_vgws": [],
            "route": [
              {
                "carrier_gateway_id": "",
                "cidr_block": "0.0.0.0/0",
                "core_network_arn": "",
                "destination_prefix_list_id": "",
                "egress_only_gateway_id": "",
                "gateway_id": "igw-0aa47de4249ba1cee",
                "instance_id": "",
                "ipv6_cidr_block": "",
                "local_gateway_id": "",
                "nat_gateway_id": "",
                "network_interface_id": "",
                "transit_gateway_id": "",
                "vpc_endpoint_id": "",
                "vpc_peering_connection_id": ""
              },
              {
                "carrier_gateway_id": "",
                "cidr_block": "10.102.0.0/16",
                "core_network_arn": "",
                "destination_prefix_list_id": "",
                "egress_only_gateway_id": "",
                "gateway_id": "pcx-0e5993487aa066bd0",
                "instance_id": "",
                "ipv6_cidr_block": "",
                "local_gateway_id": "",
                "nat_gateway_id": "",
                "network_interface_id": "",
                "transit_gateway_id": "",
                "vpc_endpoint_id": "",
                "vpc_peering_connection_id": ""
              }
            ],
            "tags": {
              "Name": "VPC-DB-RT"
            },
            "tags_all": {
              "Name": "VPC-DB-RT"
            },
            "timeouts": null,
            "vpc_id": "vpc-02fe578770dc28d2b"
          },
          "sensitive_attributes": [],
          "private": "eyJlMmJmYjczMC1lY2FhLTExZTYtOGY4OC0zNDM2M2JjN2M0YzAiOnsiY3JlYXRlIjozMDAwMDAwMDAwMDAsImRlbGV0ZSI6MzAwMDAwMDAwMDAwLCJ1cGRhdGUiOjEyMDAwMDAwMDAwMH19",
          "dependencies": [
            "aws_internet_gateway.gw3",
            "aws_vpc.VPC-AppServers",
            "aws_vpc.VPC-DBNodes",
            "aws_vpc_peering_connection.VPC2-3"
          ]
        }
      ]
    },
    {
      "mode": "managed",
      "type": "aws_route_table_association",
      "name": "a",
      "provider": "provider[\"registry.terraform.io/hashicorp/aws\"]",
      "instances": [
        {
          "index_key": 0,
          "schema_version": 0,
          "attributes": {
            "gateway_id": "",
            "id": "rtbassoc-0a1363736ca5d8e32",
            "route_table_id": "rtb-05158f8143feeadc2",
            "subnet_id": "subnet-04320dfd37c1a37b8"
          },
          "sensitive_attributes": [],
          "private": "bnVsbA==",
          "dependencies": [
            "aws_internet_gateway.gw",
            "aws_route_table.r",
            "aws_subnet.PublicSubnetLB",
            "aws_vpc.VPC-AppServers",
            "aws_vpc.VPC-LB",
            "aws_vpc_peering_connection.VPC1-2",
            "data.aws_availability_zones.all"
          ]
        },
        {
          "index_key": 1,
          "schema_version": 0,
          "attributes": {
            "gateway_id": "",
            "id": "rtbassoc-0bf173910cda504a8",
            "route_table_id": "rtb-05158f8143feeadc2",
            "subnet_id": "subnet-02de2785f8827329f"
          },
          "sensitive_attributes": [],
          "private": "bnVsbA==",
          "dependencies": [
            "aws_internet_gateway.gw",
            "aws_route_table.r",
            "aws_subnet.PublicSubnetLB",
            "aws_vpc.VPC-AppServers",
            "aws_vpc.VPC-LB",
            "aws_vpc_peering_connection.VPC1-2",
            "data.aws_availability_zones.all"
          ]
        }
      ]
    },
    {
      "mode": "managed",
      "type": "aws_route_table_association",
      "name": "a2",
      "provider": "provider[\"registry.terraform.io/hashicorp/aws\"]",
      "instances": [
        {
          "index_key": 0,
          "schema_version": 0,
          "attributes": {
            "gateway_id": "",
            "id": "rtbassoc-072e7164fa6e68c30",
            "route_table_id": "rtb-0178e569d73606ee9",
            "subnet_id": "subnet-0259666234f0aa193"
          },
          "sensitive_attributes": [],
          "private": "bnVsbA==",
          "dependencies": [
            "aws_internet_gateway.gw2",
            "aws_route_table.r2",
            "aws_subnet.PrivateSubnetAppServers",
            "aws_vpc.VPC-AppServers",
            "aws_vpc.VPC-DBNodes",
            "aws_vpc.VPC-LB",
            "aws_vpc_peering_connection.VPC1-2",
            "aws_vpc_peering_connection.VPC2-3",
            "data.aws_availability_zones.all"
          ]
        },
        {
          "index_key": 1,
          "schema_version": 0,
          "attributes": {
            "gateway_id": "",
            "id": "rtbassoc-03c68c3141f57d536",
            "route_table_id": "rtb-0178e569d73606ee9",
            "subnet_id": "subnet-0af399534f5c125a3"
          },
          "sensitive_attributes": [],
          "private": "bnVsbA==",
          "dependencies": [
            "aws_internet_gateway.gw2",
            "aws_route_table.r2",
            "aws_subnet.PrivateSubnetAppServers",
            "aws_vpc.VPC-AppServers",
            "aws_vpc.VPC-DBNodes",
            "aws_vpc.VPC-LB",
            "aws_vpc_peering_connection.VPC1-2",
            "aws_vpc_peering_connection.VPC2-3",
            "data.aws_availability_zones.all"
          ]
        }
      ]
    },
    {
      "mode": "managed",
      "type": "aws_route_table_association",
      "name": "a3",
      "provider": "provider[\"registry.terraform.io/hashicorp/aws\"]",
      "instances": [
        {
          "index_key": 0,
          "schema_version": 0,
          "attributes": {
            "gateway_id": "",
            "id": "rtbassoc-02ca1aaf6437ba4c1",
            "route_table_id": "rtb-0748b03cdb2953631",
            "subnet_id": "subnet-07b43373ed23e8ca2"
          },
          "sensitive_attributes": [],
          "private": "bnVsbA==",
          "dependencies": [
            "aws_internet_gateway.gw3",
            "aws_route_table.r3",
            "aws_subnet.PrivateSubnetDBNodes",
            "aws_vpc.VPC-AppServers",
            "aws_vpc.VPC-DBNodes",
            "aws_vpc_peering_connection.VPC2-3",
            "data.aws_availability_zones.all"
          ]
        },
        {
          "index_key": 1,
          "schema_version": 0,
          "attributes": {
            "gateway_id": "",
            "id": "rtbassoc-0032c58398e1f5800",
            "route_table_id": "rtb-0748b03cdb2953631",
            "subnet_id": "subnet-01ee38dba1fc57685"
          },
          "sensitive_attributes": [],
          "private": "bnVsbA==",
          "dependencies": [
            "aws_internet_gateway.gw3",
            "aws_route_table.r3",
            "aws_subnet.PrivateSubnetDBNodes",
            "aws_vpc.VPC-AppServers",
            "aws_vpc.VPC-DBNodes",
            "aws_vpc_peering_connection.VPC2-3",
            "data.aws_availability_zones.all"
          ]
        }
      ]
    },
    {
      "mode": "managed",
      "type": "aws_security_group",
      "name": "app_sg",
      "provider": "provider[\"registry.terraform.io/hashicorp/aws\"]",
      "instances": [
        {
          "schema_version": 1,
          "attributes": {
            "arn": "arn:aws:ec2:eu-central-1:639043009224:security-group/sg-052c31765b26c8543",
            "description": "Managed by Terraform",
            "egress": [
              {
                "cidr_blocks": [
                  "0.0.0.0/0"
                ],
                "description": "",
                "from_port": 0,
                "ipv6_cidr_blocks": [],
                "prefix_list_ids": [],
                "protocol": "-1",
                "security_groups": [],
                "self": false,
                "to_port": 0
              }
            ],
            "id": "sg-052c31765b26c8543",
            "ingress": [
              {
                "cidr_blocks": [
                  "0.0.0.0/0"
                ],
                "description": "",
                "from_port": 22,
                "ipv6_cidr_blocks": [],
                "prefix_list_ids": [],
                "protocol": "tcp",
                "security_groups": [],
                "self": false,
                "to_port": 22
              },
              {
                "cidr_blocks": [
                  "0.0.0.0/0"
                ],
                "description": "",
                "from_port": 443,
                "ipv6_cidr_blocks": [],
                "prefix_list_ids": [],
                "protocol": "tcp",
                "security_groups": [],
                "self": false,
                "to_port": 443
              },
              {
                "cidr_blocks": [
                  "0.0.0.0/0"
                ],
                "description": "",
                "from_port": 8080,
                "ipv6_cidr_blocks": [],
                "prefix_list_ids": [],
                "protocol": "tcp",
                "security_groups": [],
                "self": false,
                "to_port": 8080
              },
              {
                "cidr_blocks": [
                  "0.0.0.0/0"
                ],
                "description": "",
                "from_port": 80,
                "ipv6_cidr_blocks": [],
                "prefix_list_ids": [],
                "protocol": "tcp",
                "security_groups": [],
                "self": false,
                "to_port": 80
              }
            ],
            "name": "app_sg",
            "name_prefix": "",
            "owner_id": "639043009224",
            "revoke_rules_on_delete": false,
            "tags": {
              "Name": "APP_SG"
            },
            "tags_all": {
              "Name": "APP_SG"
            },
            "timeouts": null,
            "vpc_id": "vpc-0a8404b06d6fc91f0"
          },
          "sensitive_attributes": [],
          "private": "eyJlMmJmYjczMC1lY2FhLTExZTYtOGY4OC0zNDM2M2JjN2M0YzAiOnsiY3JlYXRlIjo2MDAwMDAwMDAwMDAsImRlbGV0ZSI6OTAwMDAwMDAwMDAwfSwic2NoZW1hX3ZlcnNpb24iOiIxIn0=",
          "dependencies": [
            "aws_vpc.VPC-AppServers"
          ]
        }
      ]
    },
    {
      "mode": "managed",
      "type": "aws_security_group",
      "name": "dbnode_sg",
      "provider": "provider[\"registry.terraform.io/hashicorp/aws\"]",
      "instances": [
        {
          "schema_version": 1,
          "attributes": {
            "arn": "arn:aws:ec2:eu-central-1:639043009224:security-group/sg-0bdf2fe22abfd4d2f",
            "description": "Managed by Terraform",
            "egress": [
              {
                "cidr_blocks": [
                  "0.0.0.0/0"
                ],
                "description": "",
                "from_port": 0,
                "ipv6_cidr_blocks": [],
                "prefix_list_ids": [],
                "protocol": "-1",
                "security_groups": [],
                "self": false,
                "to_port": 0
              }
            ],
            "id": "sg-0bdf2fe22abfd4d2f",
            "ingress": [
              {
                "cidr_blocks": [
                  "0.0.0.0/0"
                ],
                "description": "",
                "from_port": 22,
                "ipv6_cidr_blocks": [],
                "prefix_list_ids": [],
                "protocol": "tcp",
                "security_groups": [],
                "self": false,
                "to_port": 22
              },
              {
                "cidr_blocks": [
                  "0.0.0.0/0"
                ],
                "description": "",
                "from_port": 3306,
                "ipv6_cidr_blocks": [],
                "prefix_list_ids": [],
                "protocol": "tcp",
                "security_groups": [],
                "self": false,
                "to_port": 3306
              }
            ],
            "name": "dbnode_sg",
            "name_prefix": "",
            "owner_id": "639043009224",
            "revoke_rules_on_delete": false,
            "tags": {
              "Name": "DB_SG"
            },
            "tags_all": {
              "Name": "DB_SG"
            },
            "timeouts": null,
            "vpc_id": "vpc-02fe578770dc28d2b"
          },
          "sensitive_attributes": [],
          "private": "eyJlMmJmYjczMC1lY2FhLTExZTYtOGY4OC0zNDM2M2JjN2M0YzAiOnsiY3JlYXRlIjo2MDAwMDAwMDAwMDAsImRlbGV0ZSI6OTAwMDAwMDAwMDAwfSwic2NoZW1hX3ZlcnNpb24iOiIxIn0=",
          "dependencies": [
            "aws_vpc.VPC-DBNodes"
          ]
        }
      ]
    },
    {
      "mode": "managed",
      "type": "aws_security_group",
      "name": "elb",
      "provider": "provider[\"registry.terraform.io/hashicorp/aws\"]",
      "instances": [
        {
          "schema_version": 1,
          "attributes": {
            "arn": "arn:aws:ec2:eu-central-1:639043009224:security-group/sg-06b1280654fce3578",
            "description": "Managed by Terraform",
            "egress": [
              {
                "cidr_blocks": [
                  "0.0.0.0/0"
                ],
                "description": "",
                "from_port": 0,
                "ipv6_cidr_blocks": [],
                "prefix_list_ids": [],
                "protocol": "-1",
                "security_groups": [],
                "self": false,
                "to_port": 0
              }
            ],
            "id": "sg-06b1280654fce3578",
            "ingress": [
              {
                "cidr_blocks": [
                  "0.0.0.0/0"
                ],
                "description": "",
                "from_port": 22,
                "ipv6_cidr_blocks": [],
                "prefix_list_ids": [],
                "protocol": "tcp",
                "security_groups": [],
                "self": false,
                "to_port": 22
              },
              {
                "cidr_blocks": [
                  "0.0.0.0/0"
                ],
                "description": "",
                "from_port": 80,
                "ipv6_cidr_blocks": [],
                "prefix_list_ids": [],
                "protocol": "tcp",
                "security_groups": [],
                "self": false,
                "to_port": 80
              }
            ],
            "name": "elb_sg",
            "name_prefix": "",
            "owner_id": "639043009224",
            "revoke_rules_on_delete": false,
            "tags": null,
            "tags_all": {},
            "timeouts": null,
            "vpc_id": "vpc-049f23e50c743983c"
          },
          "sensitive_attributes": [],
          "private": "eyJlMmJmYjczMC1lY2FhLTExZTYtOGY4OC0zNDM2M2JjN2M0YzAiOnsiY3JlYXRlIjo2MDAwMDAwMDAwMDAsImRlbGV0ZSI6OTAwMDAwMDAwMDAwfSwic2NoZW1hX3ZlcnNpb24iOiIxIn0=",
          "dependencies": [
            "aws_vpc.VPC-LB"
          ]
        }
      ]
    },
    {
      "mode": "managed",
      "type": "aws_security_group",
      "name": "lb_sg",
      "provider": "provider[\"registry.terraform.io/hashicorp/aws\"]",
      "instances": [
        {
          "schema_version": 1,
          "attributes": {
            "arn": "arn:aws:ec2:eu-central-1:639043009224:security-group/sg-0c4df91166e1dc7c9",
            "description": "Managed by Terraform",
            "egress": [
              {
                "cidr_blocks": [
                  "0.0.0.0/0"
                ],
                "description": "",
                "from_port": 0,
                "ipv6_cidr_blocks": [],
                "prefix_list_ids": [],
                "protocol": "-1",
                "security_groups": [],
                "self": false,
                "to_port": 0
              }
            ],
            "id": "sg-0c4df91166e1dc7c9",
            "ingress": [
              {
                "cidr_blocks": [
                  "0.0.0.0/0"
                ],
                "description": "",
                "from_port": 22,
                "ipv6_cidr_blocks": [],
                "prefix_list_ids": [],
                "protocol": "tcp",
                "security_groups": [],
                "self": false,
                "to_port": 22
              },
              {
                "cidr_blocks": [
                  "0.0.0.0/0"
                ],
                "description": "",
                "from_port": 80,
                "ipv6_cidr_blocks": [],
                "prefix_list_ids": [],
                "protocol": "tcp",
                "security_groups": [],
                "self": false,
                "to_port": 80
              }
            ],
            "name": "Load Balancer Security Group",
            "name_prefix": "",
            "owner_id": "639043009224",
            "revoke_rules_on_delete": false,
            "tags": {
              "Name": "LB_SG"
            },
            "tags_all": {
              "Name": "LB_SG"
            },
            "timeouts": null,
            "vpc_id": "vpc-049f23e50c743983c"
          },
          "sensitive_attributes": [],
          "private": "eyJlMmJmYjczMC1lY2FhLTExZTYtOGY4OC0zNDM2M2JjN2M0YzAiOnsiY3JlYXRlIjo2MDAwMDAwMDAwMDAsImRlbGV0ZSI6OTAwMDAwMDAwMDAwfSwic2NoZW1hX3ZlcnNpb24iOiIxIn0=",
          "dependencies": [
            "aws_vpc.VPC-LB"
          ]
        }
      ]
    },
    {
      "mode": "managed",
      "type": "aws_subnet",
      "name": "PrivateSubnetAppServers",
      "provider": "provider[\"registry.terraform.io/hashicorp/aws\"]",
      "instances": [
        {
          "index_key": 0,
          "schema_version": 1,
          "attributes": {
            "arn": "arn:aws:ec2:eu-central-1:639043009224:subnet/subnet-0259666234f0aa193",
            "assign_ipv6_address_on_creation": false,
            "availability_zone": "eu-central-1a",
            "availability_zone_id": "euc1-az2",
            "cidr_block": "10.102.0.0/24",
            "customer_owned_ipv4_pool": "",
            "enable_dns64": false,
            "enable_resource_name_dns_a_record_on_launch": false,
            "enable_resource_name_dns_aaaa_record_on_launch": false,
            "id": "subnet-0259666234f0aa193",
            "ipv6_cidr_block": "",
            "ipv6_cidr_block_association_id": "",
            "ipv6_native": false,
            "map_customer_owned_ip_on_launch": false,
            "map_public_ip_on_launch": true,
            "outpost_arn": "",
            "owner_id": "639043009224",
            "private_dns_hostname_type_on_launch": "ip-name",
            "tags": {
              "Name": "PrivateSubnetAppServers"
            },
            "tags_all": {
              "Name": "PrivateSubnetAppServers"
            },
            "timeouts": null,
            "vpc_id": "vpc-0a8404b06d6fc91f0"
          },
          "sensitive_attributes": [],
          "private": "eyJlMmJmYjczMC1lY2FhLTExZTYtOGY4OC0zNDM2M2JjN2M0YzAiOnsiY3JlYXRlIjo2MDAwMDAwMDAwMDAsImRlbGV0ZSI6MTIwMDAwMDAwMDAwMH0sInNjaGVtYV92ZXJzaW9uIjoiMSJ9",
          "dependencies": [
            "aws_vpc.VPC-AppServers",
            "data.aws_availability_zones.all"
          ]
        },
        {
          "index_key": 1,
          "schema_version": 1,
          "attributes": {
            "arn": "arn:aws:ec2:eu-central-1:639043009224:subnet/subnet-0af399534f5c125a3",
            "assign_ipv6_address_on_creation": false,
            "availability_zone": "eu-central-1b",
            "availability_zone_id": "euc1-az3",
            "cidr_block": "10.102.1.0/24",
            "customer_owned_ipv4_pool": "",
            "enable_dns64": false,
            "enable_resource_name_dns_a_record_on_launch": false,
            "enable_resource_name_dns_aaaa_record_on_launch": false,
            "id": "subnet-0af399534f5c125a3",
            "ipv6_cidr_block": "",
            "ipv6_cidr_block_association_id": "",
            "ipv6_native": false,
            "map_customer_owned_ip_on_launch": false,
            "map_public_ip_on_launch": true,
            "outpost_arn": "",
            "owner_id": "639043009224",
            "private_dns_hostname_type_on_launch": "ip-name",
            "tags": {
              "Name": "PrivateSubnetAppServers"
            },
            "tags_all": {
              "Name": "PrivateSubnetAppServers"
            },
            "timeouts": null,
            "vpc_id": "vpc-0a8404b06d6fc91f0"
          },
          "sensitive_attributes": [],
          "private": "eyJlMmJmYjczMC1lY2FhLTExZTYtOGY4OC0zNDM2M2JjN2M0YzAiOnsiY3JlYXRlIjo2MDAwMDAwMDAwMDAsImRlbGV0ZSI6MTIwMDAwMDAwMDAwMH0sInNjaGVtYV92ZXJzaW9uIjoiMSJ9",
          "dependencies": [
            "aws_vpc.VPC-AppServers",
            "data.aws_availability_zones.all"
          ]
        }
      ]
    },
    {
      "mode": "managed",
      "type": "aws_subnet",
      "name": "PrivateSubnetDBNodes",
      "provider": "provider[\"registry.terraform.io/hashicorp/aws\"]",
      "instances": [
        {
          "index_key": 0,
          "schema_version": 1,
          "attributes": {
            "arn": "arn:aws:ec2:eu-central-1:639043009224:subnet/subnet-07b43373ed23e8ca2",
            "assign_ipv6_address_on_creation": false,
            "availability_zone": "eu-central-1a",
            "availability_zone_id": "euc1-az2",
            "cidr_block": "10.103.0.0/24",
            "customer_owned_ipv4_pool": "",
            "enable_dns64": false,
            "enable_resource_name_dns_a_record_on_launch": false,
            "enable_resource_name_dns_aaaa_record_on_launch": false,
            "id": "subnet-07b43373ed23e8ca2",
            "ipv6_cidr_block": "",
            "ipv6_cidr_block_association_id": "",
            "ipv6_native": false,
            "map_customer_owned_ip_on_launch": false,
            "map_public_ip_on_launch": true,
            "outpost_arn": "",
            "owner_id": "639043009224",
            "private_dns_hostname_type_on_launch": "ip-name",
            "tags": {
              "Name": "PrivateSubnetDBNodes"
            },
            "tags_all": {
              "Name": "PrivateSubnetDBNodes"
            },
            "timeouts": null,
            "vpc_id": "vpc-02fe578770dc28d2b"
          },
          "sensitive_attributes": [],
          "private": "eyJlMmJmYjczMC1lY2FhLTExZTYtOGY4OC0zNDM2M2JjN2M0YzAiOnsiY3JlYXRlIjo2MDAwMDAwMDAwMDAsImRlbGV0ZSI6MTIwMDAwMDAwMDAwMH0sInNjaGVtYV92ZXJzaW9uIjoiMSJ9",
          "dependencies": [
            "aws_vpc.VPC-DBNodes",
            "data.aws_availability_zones.all"
          ]
        },
        {
          "index_key": 1,
          "schema_version": 1,
          "attributes": {
            "arn": "arn:aws:ec2:eu-central-1:639043009224:subnet/subnet-01ee38dba1fc57685",
            "assign_ipv6_address_on_creation": false,
            "availability_zone": "eu-central-1b",
            "availability_zone_id": "euc1-az3",
            "cidr_block": "10.103.1.0/24",
            "customer_owned_ipv4_pool": "",
            "enable_dns64": false,
            "enable_resource_name_dns_a_record_on_launch": false,
            "enable_resource_name_dns_aaaa_record_on_launch": false,
            "id": "subnet-01ee38dba1fc57685",
            "ipv6_cidr_block": "",
            "ipv6_cidr_block_association_id": "",
            "ipv6_native": false,
            "map_customer_owned_ip_on_launch": false,
            "map_public_ip_on_launch": true,
            "outpost_arn": "",
            "owner_id": "639043009224",
            "private_dns_hostname_type_on_launch": "ip-name",
            "tags": {
              "Name": "PrivateSubnetDBNodes"
            },
            "tags_all": {
              "Name": "PrivateSubnetDBNodes"
            },
            "timeouts": null,
            "vpc_id": "vpc-02fe578770dc28d2b"
          },
          "sensitive_attributes": [],
          "private": "eyJlMmJmYjczMC1lY2FhLTExZTYtOGY4OC0zNDM2M2JjN2M0YzAiOnsiY3JlYXRlIjo2MDAwMDAwMDAwMDAsImRlbGV0ZSI6MTIwMDAwMDAwMDAwMH0sInNjaGVtYV92ZXJzaW9uIjoiMSJ9",
          "dependencies": [
            "aws_vpc.VPC-DBNodes",
            "data.aws_availability_zones.all"
          ]
        }
      ]
    },
    {
      "mode": "managed",
      "type": "aws_subnet",
      "name": "PublicSubnetLB",
      "provider": "provider[\"registry.terraform.io/hashicorp/aws\"]",
      "instances": [
        {
          "index_key": 0,
          "schema_version": 1,
          "attributes": {
            "arn": "arn:aws:ec2:eu-central-1:639043009224:subnet/subnet-04320dfd37c1a37b8",
            "assign_ipv6_address_on_creation": false,
            "availability_zone": "eu-central-1a",
            "availability_zone_id": "euc1-az2",
            "cidr_block": "10.101.0.0/24",
            "customer_owned_ipv4_pool": "",
            "enable_dns64": false,
            "enable_resource_name_dns_a_record_on_launch": false,
            "enable_resource_name_dns_aaaa_record_on_launch": false,
            "id": "subnet-04320dfd37c1a37b8",
            "ipv6_cidr_block": "",
            "ipv6_cidr_block_association_id": "",
            "ipv6_native": false,
            "map_customer_owned_ip_on_launch": false,
            "map_public_ip_on_launch": true,
            "outpost_arn": "",
            "owner_id": "639043009224",
            "private_dns_hostname_type_on_launch": "ip-name",
            "tags": {
              "Name": "PublicSubnetLB"
            },
            "tags_all": {
              "Name": "PublicSubnetLB"
            },
            "timeouts": null,
            "vpc_id": "vpc-049f23e50c743983c"
          },
          "sensitive_attributes": [],
          "private": "eyJlMmJmYjczMC1lY2FhLTExZTYtOGY4OC0zNDM2M2JjN2M0YzAiOnsiY3JlYXRlIjo2MDAwMDAwMDAwMDAsImRlbGV0ZSI6MTIwMDAwMDAwMDAwMH0sInNjaGVtYV92ZXJzaW9uIjoiMSJ9",
          "dependencies": [
            "aws_vpc.VPC-LB",
            "data.aws_availability_zones.all"
          ]
        },
        {
          "index_key": 1,
          "schema_version": 1,
          "attributes": {
            "arn": "arn:aws:ec2:eu-central-1:639043009224:subnet/subnet-02de2785f8827329f",
            "assign_ipv6_address_on_creation": false,
            "availability_zone": "eu-central-1b",
            "availability_zone_id": "euc1-az3",
            "cidr_block": "10.101.1.0/24",
            "customer_owned_ipv4_pool": "",
            "enable_dns64": false,
            "enable_resource_name_dns_a_record_on_launch": false,
            "enable_resource_name_dns_aaaa_record_on_launch": false,
            "id": "subnet-02de2785f8827329f",
            "ipv6_cidr_block": "",
            "ipv6_cidr_block_association_id": "",
            "ipv6_native": false,
            "map_customer_owned_ip_on_launch": false,
            "map_public_ip_on_launch": true,
            "outpost_arn": "",
            "owner_id": "639043009224",
            "private_dns_hostname_type_on_launch": "ip-name",
            "tags": {
              "Name": "PublicSubnetLB"
            },
            "tags_all": {
              "Name": "PublicSubnetLB"
            },
            "timeouts": null,
            "vpc_id": "vpc-049f23e50c743983c"
          },
          "sensitive_attributes": [],
          "private": "eyJlMmJmYjczMC1lY2FhLTExZTYtOGY4OC0zNDM2M2JjN2M0YzAiOnsiY3JlYXRlIjo2MDAwMDAwMDAwMDAsImRlbGV0ZSI6MTIwMDAwMDAwMDAwMH0sInNjaGVtYV92ZXJzaW9uIjoiMSJ9",
          "dependencies": [
            "aws_vpc.VPC-LB",
            "data.aws_availability_zones.all"
          ]
        }
      ]
    },
    {
      "mode": "managed",
      "type": "aws_vpc",
      "name": "VPC-AppServers",
      "provider": "provider[\"registry.terraform.io/hashicorp/aws\"]",
      "instances": [
        {
          "schema_version": 1,
          "attributes": {
            "arn": "arn:aws:ec2:eu-central-1:639043009224:vpc/vpc-0a8404b06d6fc91f0",
            "assign_generated_ipv6_cidr_block": false,
            "cidr_block": "10.102.0.0/16",
            "default_network_acl_id": "acl-089e7805875c7c20c",
            "default_route_table_id": "rtb-0b60a4f1ae5736531",
            "default_security_group_id": "sg-09f785dbc67febc2f",
            "dhcp_options_id": "dopt-096306b9156882a86",
            "enable_classiclink": false,
            "enable_classiclink_dns_support": false,
            "enable_dns_hostnames": true,
            "enable_dns_support": true,
            "id": "vpc-0a8404b06d6fc91f0",
            "instance_tenancy": "default",
            "ipv4_ipam_pool_id": null,
            "ipv4_netmask_length": null,
            "ipv6_association_id": "",
            "ipv6_cidr_block": "",
            "ipv6_cidr_block_network_border_group": "",
            "ipv6_ipam_pool_id": "",
            "ipv6_netmask_length": 0,
            "main_route_table_id": "rtb-0b60a4f1ae5736531",
            "owner_id": "639043009224",
            "tags": {
              "Name": "VPC-AppServers"
            },
            "tags_all": {
              "Name": "VPC-AppServers"
            }
          },
          "sensitive_attributes": [],
          "private": "eyJzY2hlbWFfdmVyc2lvbiI6IjEifQ=="
        }
      ]
    },
    {
      "mode": "managed",
      "type": "aws_vpc",
      "name": "VPC-DBNodes",
      "provider": "provider[\"registry.terraform.io/hashicorp/aws\"]",
      "instances": [
        {
          "schema_version": 1,
          "attributes": {
            "arn": "arn:aws:ec2:eu-central-1:639043009224:vpc/vpc-02fe578770dc28d2b",
            "assign_generated_ipv6_cidr_block": false,
            "cidr_block": "10.103.0.0/16",
            "default_network_acl_id": "acl-0f36044a12eba1541",
            "default_route_table_id": "rtb-049d35c13a5ea8864",
            "default_security_group_id": "sg-0d33b9bc950da5442",
            "dhcp_options_id": "dopt-096306b9156882a86",
            "enable_classiclink": false,
            "enable_classiclink_dns_support": false,
            "enable_dns_hostnames": true,
            "enable_dns_support": true,
            "id": "vpc-02fe578770dc28d2b",
            "instance_tenancy": "default",
            "ipv4_ipam_pool_id": null,
            "ipv4_netmask_length": null,
            "ipv6_association_id": "",
            "ipv6_cidr_block": "",
            "ipv6_cidr_block_network_border_group": "",
            "ipv6_ipam_pool_id": "",
            "ipv6_netmask_length": 0,
            "main_route_table_id": "rtb-049d35c13a5ea8864",
            "owner_id": "639043009224",
            "tags": {
              "Name": "VPC-DBNodes"
            },
            "tags_all": {
              "Name": "VPC-DBNodes"
            }
          },
          "sensitive_attributes": [],
          "private": "eyJzY2hlbWFfdmVyc2lvbiI6IjEifQ=="
        }
      ]
    },
    {
      "mode": "managed",
      "type": "aws_vpc",
      "name": "VPC-LB",
      "provider": "provider[\"registry.terraform.io/hashicorp/aws\"]",
      "instances": [
        {
          "schema_version": 1,
          "attributes": {
            "arn": "arn:aws:ec2:eu-central-1:639043009224:vpc/vpc-049f23e50c743983c",
            "assign_generated_ipv6_cidr_block": false,
            "cidr_block": "10.101.0.0/16",
            "default_network_acl_id": "acl-02e470772099ed8aa",
            "default_route_table_id": "rtb-01ec00338925339e9",
            "default_security_group_id": "sg-066ab7b3508dfe1d9",
            "dhcp_options_id": "dopt-096306b9156882a86",
            "enable_classiclink": false,
            "enable_classiclink_dns_support": false,
            "enable_dns_hostnames": true,
            "enable_dns_support": true,
            "id": "vpc-049f23e50c743983c",
            "instance_tenancy": "default",
            "ipv4_ipam_pool_id": null,
            "ipv4_netmask_length": null,
            "ipv6_association_id": "",
            "ipv6_cidr_block": "",
            "ipv6_cidr_block_network_border_group": "",
            "ipv6_ipam_pool_id": "",
            "ipv6_netmask_length": 0,
            "main_route_table_id": "rtb-01ec00338925339e9",
            "owner_id": "639043009224",
            "tags": {
              "Name": "VPC-LB"
            },
            "tags_all": {
              "Name": "VPC-LB"
            }
          },
          "sensitive_attributes": [],
          "private": "eyJzY2hlbWFfdmVyc2lvbiI6IjEifQ=="
        }
      ]
    },
    {
      "mode": "managed",
      "type": "aws_vpc_peering_connection",
      "name": "VPC1-2",
      "provider": "provider[\"registry.terraform.io/hashicorp/aws\"]",
      "instances": [
        {
          "schema_version": 0,
          "attributes": {
            "accept_status": "active",
            "accepter": [
              {
                "allow_classic_link_to_remote_vpc": false,
                "allow_remote_vpc_dns_resolution": true,
                "allow_vpc_to_remote_classic_link": false
              }
            ],
            "auto_accept": true,
            "id": "pcx-0e31a7d6816025a09",
            "peer_owner_id": "639043009224",
            "peer_region": "eu-central-1",
            "peer_vpc_id": "vpc-0a8404b06d6fc91f0",
            "requester": [
              {
                "allow_classic_link_to_remote_vpc": false,
                "allow_remote_vpc_dns_resolution": true,
                "allow_vpc_to_remote_classic_link": false
              }
            ],
            "tags": {
              "Name": "VPC Peering between Load Balancers and Web nodes"
            },
            "tags_all": {
              "Name": "VPC Peering between Load Balancers and Web nodes"
            },
            "timeouts": null,
            "vpc_id": "vpc-049f23e50c743983c"
          },
          "sensitive_attributes": [],
          "private": "eyJlMmJmYjczMC1lY2FhLTExZTYtOGY4OC0zNDM2M2JjN2M0YzAiOnsiY3JlYXRlIjo2MDAwMDAwMDAwMCwiZGVsZXRlIjo2MDAwMDAwMDAwMCwidXBkYXRlIjo2MDAwMDAwMDAwMH19",
          "dependencies": [
            "aws_vpc.VPC-AppServers",
            "aws_vpc.VPC-LB"
          ]
        }
      ]
    },
    {
      "mode": "managed",
      "type": "aws_vpc_peering_connection",
      "name": "VPC2-3",
      "provider": "provider[\"registry.terraform.io/hashicorp/aws\"]",
      "instances": [
        {
          "schema_version": 0,
          "attributes": {
            "accept_status": "active",
            "accepter": [
              {
                "allow_classic_link_to_remote_vpc": false,
                "allow_remote_vpc_dns_resolution": true,
                "allow_vpc_to_remote_classic_link": false
              }
            ],
            "auto_accept": true,
            "id": "pcx-0e5993487aa066bd0",
            "peer_owner_id": "639043009224",
            "peer_region": "eu-central-1",
            "peer_vpc_id": "vpc-0a8404b06d6fc91f0",
            "requester": [
              {
                "allow_classic_link_to_remote_vpc": false,
                "allow_remote_vpc_dns_resolution": true,
                "allow_vpc_to_remote_classic_link": false
              }
            ],
            "tags": {
              "Name": "VPC Peering between Web nodes and DB nodes"
            },
            "tags_all": {
              "Name": "VPC Peering between Web nodes and DB nodes"
            },
            "timeouts": null,
            "vpc_id": "vpc-02fe578770dc28d2b"
          },
          "sensitive_attributes": [],
          "private": "eyJlMmJmYjczMC1lY2FhLTExZTYtOGY4OC0zNDM2M2JjN2M0YzAiOnsiY3JlYXRlIjo2MDAwMDAwMDAwMCwiZGVsZXRlIjo2MDAwMDAwMDAwMCwidXBkYXRlIjo2MDAwMDAwMDAwMH19",
          "dependencies": [
            "aws_vpc.VPC-AppServers",
            "aws_vpc.VPC-DBNodes"
          ]
        }
      ]
    }
  ]
}
